// !$*UTF8*$!
{
	archiveVersion = 1;
	classes = {
	};
	objectVersion = 53;
	objects = {

/* Begin PBXBuildFile section */
		71A015031FD30DF50022AE09 /* AppDelegate.swift in Sources */ = {isa = PBXBuildFile; fileRef = 71A015021FD30DF50022AE09 /* AppDelegate.swift */; };
		71A015091FD30DF50022AE09 /* GameScene.swift in Sources */ = {isa = PBXBuildFile; fileRef = 71A015081FD30DF50022AE09 /* GameScene.swift */; };
		71A0150B1FD30DF50022AE09 /* GameViewController.swift in Sources */ = {isa = PBXBuildFile; fileRef = 71A0150A1FD30DF50022AE09 /* GameViewController.swift */; };
		71A0150E1FD30DF50022AE09 /* Main.storyboard in Resources */ = {isa = PBXBuildFile; fileRef = 71A0150C1FD30DF50022AE09 /* Main.storyboard */; };
		71A015611FD314130022AE09 /* left-8.caf in Resources */ = {isa = PBXBuildFile; fileRef = 71A015301FD3140E0022AE09 /* left-8.caf */; };
		71A015621FD314130022AE09 /* well-done.caf in Resources */ = {isa = PBXBuildFile; fileRef = 71A015311FD3140E0022AE09 /* well-done.caf */; };
		71A015631FD314130022AE09 /* sum-7.caf in Resources */ = {isa = PBXBuildFile; fileRef = 71A015321FD3140E0022AE09 /* sum-7.caf */; };
		71A015641FD314130022AE09 /* nicely-done.caf in Resources */ = {isa = PBXBuildFile; fileRef = 71A015331FD3140E0022AE09 /* nicely-done.caf */; };
		71A015651FD314130022AE09 /* right-9.caf in Resources */ = {isa = PBXBuildFile; fileRef = 71A015341FD3140E0022AE09 /* right-9.caf */; };
		71A015661FD314130022AE09 /* right-10.caf in Resources */ = {isa = PBXBuildFile; fileRef = 71A015351FD3140E0022AE09 /* right-10.caf */; };
		71A015671FD314130022AE09 /* sum-4.caf in Resources */ = {isa = PBXBuildFile; fileRef = 71A015361FD3140E0022AE09 /* sum-4.caf */; };
		71A015681FD314130022AE09 /* sum-9.caf in Resources */ = {isa = PBXBuildFile; fileRef = 71A015371FD3140E0022AE09 /* sum-9.caf */; };
		71A015691FD314130022AE09 /* sum-3.caf in Resources */ = {isa = PBXBuildFile; fileRef = 71A015381FD3140E0022AE09 /* sum-3.caf */; };
		71A0156A1FD314130022AE09 /* sum-6.caf in Resources */ = {isa = PBXBuildFile; fileRef = 71A015391FD3140E0022AE09 /* sum-6.caf */; };
		71A0156B1FD314130022AE09 /* left-5.caf in Resources */ = {isa = PBXBuildFile; fileRef = 71A0153A1FD3140E0022AE09 /* left-5.caf */; };
		71A0156C1FD314130022AE09 /* sum-2.caf in Resources */ = {isa = PBXBuildFile; fileRef = 71A0153B1FD3140F0022AE09 /* sum-2.caf */; };
		71A0156D1FD314130022AE09 /* Metal_Gong-Dianakc-109711828.mp3 in Resources */ = {isa = PBXBuildFile; fileRef = 71A0153C1FD3140F0022AE09 /* Metal_Gong-Dianakc-109711828.mp3 */; };
		71A0156E1FD314130022AE09 /* right-6.caf in Resources */ = {isa = PBXBuildFile; fileRef = 71A0153D1FD3140F0022AE09 /* right-6.caf */; };
		71A0156F1FD314130022AE09 /* hi.caf in Resources */ = {isa = PBXBuildFile; fileRef = 71A0153E1FD3140F0022AE09 /* hi.caf */; };
		71A015701FD314130022AE09 /* correct.caf in Resources */ = {isa = PBXBuildFile; fileRef = 71A0153F1FD3140F0022AE09 /* correct.caf */; };
		71A015711FD314130022AE09 /* right-8.caf in Resources */ = {isa = PBXBuildFile; fileRef = 71A015401FD3140F0022AE09 /* right-8.caf */; };
		71A015721FD314130022AE09 /* left-10.caf in Resources */ = {isa = PBXBuildFile; fileRef = 71A015411FD3140F0022AE09 /* left-10.caf */; };
		71A015731FD314130022AE09 /* Apple_Bite-Simon_Craggs-1683647397.mp3 in Resources */ = {isa = PBXBuildFile; fileRef = 71A015421FD3140F0022AE09 /* Apple_Bite-Simon_Craggs-1683647397.mp3 */; };
		71A015741FD314130022AE09 /* thats-it.caf in Resources */ = {isa = PBXBuildFile; fileRef = 71A015431FD3140F0022AE09 /* thats-it.caf */; };
		71A015751FD314130022AE09 /* right-7.caf in Resources */ = {isa = PBXBuildFile; fileRef = 71A015441FD3140F0022AE09 /* right-7.caf */; };
		71A015761FD314130022AE09 /* equals.caf in Resources */ = {isa = PBXBuildFile; fileRef = 71A015451FD3140F0022AE09 /* equals.caf */; };
		71A015771FD314130022AE09 /* nice.caf in Resources */ = {isa = PBXBuildFile; fileRef = 71A015461FD3140F0022AE09 /* nice.caf */; };
		71A015781FD314130022AE09 /* drag.caf in Resources */ = {isa = PBXBuildFile; fileRef = 71A015471FD3140F0022AE09 /* drag.caf */; };
		71A015791FD314130022AE09 /* left-6.caf in Resources */ = {isa = PBXBuildFile; fileRef = 71A015481FD314100022AE09 /* left-6.caf */; };
		71A0157A1FD314130022AE09 /* sum-10.caf in Resources */ = {isa = PBXBuildFile; fileRef = 71A015491FD314100022AE09 /* sum-10.caf */; };
		71A0157B1FD314130022AE09 /* left-7.caf in Resources */ = {isa = PBXBuildFile; fileRef = 71A0154A1FD314100022AE09 /* left-7.caf */; };
		71A0157C1FD314130022AE09 /* plus.caf in Resources */ = {isa = PBXBuildFile; fileRef = 71A0154B1FD314100022AE09 /* plus.caf */; };
		71A0157D1FD314130022AE09 /* right-2.caf in Resources */ = {isa = PBXBuildFile; fileRef = 71A0154C1FD314100022AE09 /* right-2.caf */; };
		71A0157E1FD314130022AE09 /* Blop-Mark_DiAngelo-79054334.mp3 in Resources */ = {isa = PBXBuildFile; fileRef = 71A0154D1FD314100022AE09 /* Blop-Mark_DiAngelo-79054334.mp3 */; };
		71A0157F1FD314130022AE09 /* left-0.caf in Resources */ = {isa = PBXBuildFile; fileRef = 71A0154E1FD314100022AE09 /* left-0.caf */; };
		71A015801FD314130022AE09 /* snatch.aif in Resources */ = {isa = PBXBuildFile; fileRef = 71A0154F1FD314100022AE09 /* snatch.aif */; };
		71A015811FD314130022AE09 /* welcome.caf in Resources */ = {isa = PBXBuildFile; fileRef = 71A015501FD314110022AE09 /* welcome.caf */; };
		71A015821FD314130022AE09 /* left-1.caf in Resources */ = {isa = PBXBuildFile; fileRef = 71A015511FD314110022AE09 /* left-1.caf */; };
		71A015831FD314130022AE09 /* left-9.caf in Resources */ = {isa = PBXBuildFile; fileRef = 71A015521FD314110022AE09 /* left-9.caf */; };
		71A015841FD314130022AE09 /* sum-8.caf in Resources */ = {isa = PBXBuildFile; fileRef = 71A015531FD314110022AE09 /* sum-8.caf */; };
		71A015851FD314130022AE09 /* right-4.caf in Resources */ = {isa = PBXBuildFile; fileRef = 71A015541FD314110022AE09 /* right-4.caf */; };
		71A015861FD314130022AE09 /* cool.caf in Resources */ = {isa = PBXBuildFile; fileRef = 71A015551FD314110022AE09 /* cool.caf */; };
		71A015871FD314130022AE09 /* right-1.caf in Resources */ = {isa = PBXBuildFile; fileRef = 71A015561FD314110022AE09 /* right-1.caf */; };
		71A015881FD314130022AE09 /* right-3.caf in Resources */ = {isa = PBXBuildFile; fileRef = 71A015571FD314110022AE09 /* right-3.caf */; };
		71A015891FD314130022AE09 /* left-3.caf in Resources */ = {isa = PBXBuildFile; fileRef = 71A015581FD314120022AE09 /* left-3.caf */; };
		71A0158A1FD314130022AE09 /* right-5.caf in Resources */ = {isa = PBXBuildFile; fileRef = 71A015591FD314120022AE09 /* right-5.caf */; };
		71A0158B1FD314130022AE09 /* chose.caf in Resources */ = {isa = PBXBuildFile; fileRef = 71A0155A1FD314120022AE09 /* chose.caf */; };
		71A0158C1FD314130022AE09 /* right-0.caf in Resources */ = {isa = PBXBuildFile; fileRef = 71A0155B1FD314120022AE09 /* right-0.caf */; };
		71A0158D1FD314130022AE09 /* sum-1.caf in Resources */ = {isa = PBXBuildFile; fileRef = 71A0155C1FD314120022AE09 /* sum-1.caf */; };
		71A0158E1FD314130022AE09 /* left-4.caf in Resources */ = {isa = PBXBuildFile; fileRef = 71A0155D1FD314120022AE09 /* left-4.caf */; };
		71A0158F1FD314130022AE09 /* left-2.caf in Resources */ = {isa = PBXBuildFile; fileRef = 71A0155E1FD314120022AE09 /* left-2.caf */; };
		71A015901FD314130022AE09 /* thats-right.caf in Resources */ = {isa = PBXBuildFile; fileRef = 71A0155F1FD314120022AE09 /* thats-right.caf */; };
		71A015911FD314130022AE09 /* sum-5.caf in Resources */ = {isa = PBXBuildFile; fileRef = 71A015601FD314120022AE09 /* sum-5.caf */; };
		71A015931FD3146D0022AE09 /* media.xcassets in Resources */ = {isa = PBXBuildFile; fileRef = 71A015921FD3146D0022AE09 /* media.xcassets */; };
		71A015971FD3153D0022AE09 /* Beads.sks in Resources */ = {isa = PBXBuildFile; fileRef = 71A015941FD3153D0022AE09 /* Beads.sks */; };
		71A015981FD3153D0022AE09 /* MenuScene.sks in Resources */ = {isa = PBXBuildFile; fileRef = 71A015951FD3153D0022AE09 /* MenuScene.sks */; };
		71A0159C1FD316BA0022AE09 /* MenuScene.swift in Sources */ = {isa = PBXBuildFile; fileRef = 71A0159B1FD316BA0022AE09 /* MenuScene.swift */; };
		71A0159E1FD332930022AE09 /* Game.swift in Sources */ = {isa = PBXBuildFile; fileRef = 71A0159D1FD332930022AE09 /* Game.swift */; };
		71A015A01FD332ED0022AE09 /* Extensions.swift in Sources */ = {isa = PBXBuildFile; fileRef = 71A0159F1FD332ED0022AE09 /* Extensions.swift */; };
		71A015A21FD3376F0022AE09 /* Beads.swift in Sources */ = {isa = PBXBuildFile; fileRef = 71A015A11FD3376F0022AE09 /* Beads.swift */; };
		AD0156BB2564725E00A81E59 /* Slider in Frameworks */ = {isa = PBXBuildFile; productRef = AD0156BA2564725E00A81E59 /* Slider */; };
		AD468C46255D660F00F13125 /* GameScene.sks in Resources */ = {isa = PBXBuildFile; fileRef = AD468C45255D660F00F13125 /* GameScene.sks */; };
		AD48BE76256C266C0016CE19 /* SliderExt.swift in Sources */ = {isa = PBXBuildFile; fileRef = AD48BE75256C266C0016CE19 /* SliderExt.swift */; };
		ADA3DCD02560C0EB00194694 /* NewTaskExt.swift in Sources */ = {isa = PBXBuildFile; fileRef = ADA3DCCF2560C0EB00194694 /* NewTaskExt.swift */; };
		ADA3DCD62560C16B00194694 /* GiveRewardExt.swift in Sources */ = {isa = PBXBuildFile; fileRef = ADA3DCD52560C16B00194694 /* GiveRewardExt.swift */; };
		ADA3DCDC2560C1BF00194694 /* AdjustExt.swift in Sources */ = {isa = PBXBuildFile; fileRef = ADA3DCDB2560C1BF00194694 /* AdjustExt.swift */; };
		ADA3DCE02560C20300194694 /* TouchesExt.swift in Sources */ = {isa = PBXBuildFile; fileRef = ADA3DCDF2560C20300194694 /* TouchesExt.swift */; };
		ADA3DCED2560C34800194694 /* UpdatesExt.swift in Sources */ = {isa = PBXBuildFile; fileRef = ADA3DCEC2560C34800194694 /* UpdatesExt.swift */; };
		ADB3275A25473CC300E11EF1 /* Launch Screen.storyboard in Resources */ = {isa = PBXBuildFile; fileRef = ADB3275925473CC300E11EF1 /* Launch Screen.storyboard */; };
/* End PBXBuildFile section */

/* Begin PBXContainerItemProxy section */
		71A0151A1FD30DF50022AE09 /* PBXContainerItemProxy */ = {
			isa = PBXContainerItemProxy;
			containerPortal = 71A014F71FD30DF50022AE09 /* Project object */;
			proxyType = 1;
			remoteGlobalIDString = 71A014FE1FD30DF50022AE09;
			remoteInfo = NumberStories;
		};
/* End PBXContainerItemProxy section */

/* Begin PBXFileReference section */
		71A014FF1FD30DF50022AE09 /* NumberStories.app */ = {isa = PBXFileReference; explicitFileType = wrapper.application; includeInIndex = 0; path = NumberStories.app; sourceTree = BUILT_PRODUCTS_DIR; };
		71A015021FD30DF50022AE09 /* AppDelegate.swift */ = {isa = PBXFileReference; lastKnownFileType = sourcecode.swift; path = AppDelegate.swift; sourceTree = "<group>"; };
		71A015081FD30DF50022AE09 /* GameScene.swift */ = {isa = PBXFileReference; lastKnownFileType = sourcecode.swift; path = GameScene.swift; sourceTree = "<group>"; };
		71A0150A1FD30DF50022AE09 /* GameViewController.swift */ = {isa = PBXFileReference; lastKnownFileType = sourcecode.swift; path = GameViewController.swift; sourceTree = "<group>"; };
		71A0150D1FD30DF50022AE09 /* Base */ = {isa = PBXFileReference; lastKnownFileType = file.storyboard; name = Base; path = Base.lproj/Main.storyboard; sourceTree = "<group>"; };
		71A015141FD30DF50022AE09 /* Info.plist */ = {isa = PBXFileReference; lastKnownFileType = text.plist.xml; path = Info.plist; sourceTree = "<group>"; };
		71A015191FD30DF50022AE09 /* NumberStoriesTests.xctest */ = {isa = PBXFileReference; explicitFileType = wrapper.cfbundle; includeInIndex = 0; path = NumberStoriesTests.xctest; sourceTree = BUILT_PRODUCTS_DIR; };
		71A015301FD3140E0022AE09 /* left-8.caf */ = {isa = PBXFileReference; lastKnownFileType = file; path = "left-8.caf"; sourceTree = "<group>"; };
		71A015311FD3140E0022AE09 /* well-done.caf */ = {isa = PBXFileReference; lastKnownFileType = file; path = "well-done.caf"; sourceTree = "<group>"; };
		71A015321FD3140E0022AE09 /* sum-7.caf */ = {isa = PBXFileReference; lastKnownFileType = file; path = "sum-7.caf"; sourceTree = "<group>"; };
		71A015331FD3140E0022AE09 /* nicely-done.caf */ = {isa = PBXFileReference; lastKnownFileType = file; path = "nicely-done.caf"; sourceTree = "<group>"; };
		71A015341FD3140E0022AE09 /* right-9.caf */ = {isa = PBXFileReference; lastKnownFileType = file; path = "right-9.caf"; sourceTree = "<group>"; };
		71A015351FD3140E0022AE09 /* right-10.caf */ = {isa = PBXFileReference; lastKnownFileType = file; path = "right-10.caf"; sourceTree = "<group>"; };
		71A015361FD3140E0022AE09 /* sum-4.caf */ = {isa = PBXFileReference; lastKnownFileType = file; path = "sum-4.caf"; sourceTree = "<group>"; };
		71A015371FD3140E0022AE09 /* sum-9.caf */ = {isa = PBXFileReference; lastKnownFileType = file; path = "sum-9.caf"; sourceTree = "<group>"; };
		71A015381FD3140E0022AE09 /* sum-3.caf */ = {isa = PBXFileReference; lastKnownFileType = file; path = "sum-3.caf"; sourceTree = "<group>"; };
		71A015391FD3140E0022AE09 /* sum-6.caf */ = {isa = PBXFileReference; lastKnownFileType = file; path = "sum-6.caf"; sourceTree = "<group>"; };
		71A0153A1FD3140E0022AE09 /* left-5.caf */ = {isa = PBXFileReference; lastKnownFileType = file; path = "left-5.caf"; sourceTree = "<group>"; };
		71A0153B1FD3140F0022AE09 /* sum-2.caf */ = {isa = PBXFileReference; lastKnownFileType = file; path = "sum-2.caf"; sourceTree = "<group>"; };
		71A0153C1FD3140F0022AE09 /* Metal_Gong-Dianakc-109711828.mp3 */ = {isa = PBXFileReference; lastKnownFileType = audio.mp3; path = "Metal_Gong-Dianakc-109711828.mp3"; sourceTree = "<group>"; };
		71A0153D1FD3140F0022AE09 /* right-6.caf */ = {isa = PBXFileReference; lastKnownFileType = file; path = "right-6.caf"; sourceTree = "<group>"; };
		71A0153E1FD3140F0022AE09 /* hi.caf */ = {isa = PBXFileReference; lastKnownFileType = file; path = hi.caf; sourceTree = "<group>"; };
		71A0153F1FD3140F0022AE09 /* correct.caf */ = {isa = PBXFileReference; lastKnownFileType = file; path = correct.caf; sourceTree = "<group>"; };
		71A015401FD3140F0022AE09 /* right-8.caf */ = {isa = PBXFileReference; lastKnownFileType = file; path = "right-8.caf"; sourceTree = "<group>"; };
		71A015411FD3140F0022AE09 /* left-10.caf */ = {isa = PBXFileReference; lastKnownFileType = file; path = "left-10.caf"; sourceTree = "<group>"; };
		71A015421FD3140F0022AE09 /* Apple_Bite-Simon_Craggs-1683647397.mp3 */ = {isa = PBXFileReference; lastKnownFileType = audio.mp3; path = "Apple_Bite-Simon_Craggs-1683647397.mp3"; sourceTree = "<group>"; };
		71A015431FD3140F0022AE09 /* thats-it.caf */ = {isa = PBXFileReference; lastKnownFileType = file; path = "thats-it.caf"; sourceTree = "<group>"; };
		71A015441FD3140F0022AE09 /* right-7.caf */ = {isa = PBXFileReference; lastKnownFileType = file; path = "right-7.caf"; sourceTree = "<group>"; };
		71A015451FD3140F0022AE09 /* equals.caf */ = {isa = PBXFileReference; lastKnownFileType = file; path = equals.caf; sourceTree = "<group>"; };
		71A015461FD3140F0022AE09 /* nice.caf */ = {isa = PBXFileReference; lastKnownFileType = file; path = nice.caf; sourceTree = "<group>"; };
		71A015471FD3140F0022AE09 /* drag.caf */ = {isa = PBXFileReference; lastKnownFileType = file; path = drag.caf; sourceTree = "<group>"; };
		71A015481FD314100022AE09 /* left-6.caf */ = {isa = PBXFileReference; lastKnownFileType = file; path = "left-6.caf"; sourceTree = "<group>"; };
		71A015491FD314100022AE09 /* sum-10.caf */ = {isa = PBXFileReference; lastKnownFileType = file; path = "sum-10.caf"; sourceTree = "<group>"; };
		71A0154A1FD314100022AE09 /* left-7.caf */ = {isa = PBXFileReference; lastKnownFileType = file; path = "left-7.caf"; sourceTree = "<group>"; };
		71A0154B1FD314100022AE09 /* plus.caf */ = {isa = PBXFileReference; lastKnownFileType = file; path = plus.caf; sourceTree = "<group>"; };
		71A0154C1FD314100022AE09 /* right-2.caf */ = {isa = PBXFileReference; lastKnownFileType = file; path = "right-2.caf"; sourceTree = "<group>"; };
		71A0154D1FD314100022AE09 /* Blop-Mark_DiAngelo-79054334.mp3 */ = {isa = PBXFileReference; lastKnownFileType = audio.mp3; path = "Blop-Mark_DiAngelo-79054334.mp3"; sourceTree = "<group>"; };
		71A0154E1FD314100022AE09 /* left-0.caf */ = {isa = PBXFileReference; lastKnownFileType = file; path = "left-0.caf"; sourceTree = "<group>"; };
		71A0154F1FD314100022AE09 /* snatch.aif */ = {isa = PBXFileReference; lastKnownFileType = file; path = snatch.aif; sourceTree = "<group>"; };
		71A015501FD314110022AE09 /* welcome.caf */ = {isa = PBXFileReference; lastKnownFileType = file; path = welcome.caf; sourceTree = "<group>"; };
		71A015511FD314110022AE09 /* left-1.caf */ = {isa = PBXFileReference; lastKnownFileType = file; path = "left-1.caf"; sourceTree = "<group>"; };
		71A015521FD314110022AE09 /* left-9.caf */ = {isa = PBXFileReference; lastKnownFileType = file; path = "left-9.caf"; sourceTree = "<group>"; };
		71A015531FD314110022AE09 /* sum-8.caf */ = {isa = PBXFileReference; lastKnownFileType = file; path = "sum-8.caf"; sourceTree = "<group>"; };
		71A015541FD314110022AE09 /* right-4.caf */ = {isa = PBXFileReference; lastKnownFileType = file; path = "right-4.caf"; sourceTree = "<group>"; };
		71A015551FD314110022AE09 /* cool.caf */ = {isa = PBXFileReference; lastKnownFileType = file; path = cool.caf; sourceTree = "<group>"; };
		71A015561FD314110022AE09 /* right-1.caf */ = {isa = PBXFileReference; lastKnownFileType = file; path = "right-1.caf"; sourceTree = "<group>"; };
		71A015571FD314110022AE09 /* right-3.caf */ = {isa = PBXFileReference; lastKnownFileType = file; path = "right-3.caf"; sourceTree = "<group>"; };
		71A015581FD314120022AE09 /* left-3.caf */ = {isa = PBXFileReference; lastKnownFileType = file; path = "left-3.caf"; sourceTree = "<group>"; };
		71A015591FD314120022AE09 /* right-5.caf */ = {isa = PBXFileReference; lastKnownFileType = file; path = "right-5.caf"; sourceTree = "<group>"; };
		71A0155A1FD314120022AE09 /* chose.caf */ = {isa = PBXFileReference; lastKnownFileType = file; path = chose.caf; sourceTree = "<group>"; };
		71A0155B1FD314120022AE09 /* right-0.caf */ = {isa = PBXFileReference; lastKnownFileType = file; path = "right-0.caf"; sourceTree = "<group>"; };
		71A0155C1FD314120022AE09 /* sum-1.caf */ = {isa = PBXFileReference; lastKnownFileType = file; path = "sum-1.caf"; sourceTree = "<group>"; };
		71A0155D1FD314120022AE09 /* left-4.caf */ = {isa = PBXFileReference; lastKnownFileType = file; path = "left-4.caf"; sourceTree = "<group>"; };
		71A0155E1FD314120022AE09 /* left-2.caf */ = {isa = PBXFileReference; lastKnownFileType = file; path = "left-2.caf"; sourceTree = "<group>"; };
		71A0155F1FD314120022AE09 /* thats-right.caf */ = {isa = PBXFileReference; lastKnownFileType = file; path = "thats-right.caf"; sourceTree = "<group>"; };
		71A015601FD314120022AE09 /* sum-5.caf */ = {isa = PBXFileReference; lastKnownFileType = file; path = "sum-5.caf"; sourceTree = "<group>"; };
		71A015921FD3146D0022AE09 /* media.xcassets */ = {isa = PBXFileReference; lastKnownFileType = folder.assetcatalog; path = media.xcassets; sourceTree = "<group>"; };
		71A015941FD3153D0022AE09 /* Beads.sks */ = {isa = PBXFileReference; lastKnownFileType = file.sks; path = Beads.sks; sourceTree = "<group>"; };
		71A015951FD3153D0022AE09 /* MenuScene.sks */ = {isa = PBXFileReference; lastKnownFileType = file.sks; path = MenuScene.sks; sourceTree = "<group>"; };
		71A0159B1FD316BA0022AE09 /* MenuScene.swift */ = {isa = PBXFileReference; lastKnownFileType = sourcecode.swift; path = MenuScene.swift; sourceTree = "<group>"; };
		71A0159D1FD332930022AE09 /* Game.swift */ = {isa = PBXFileReference; lastKnownFileType = sourcecode.swift; path = Game.swift; sourceTree = "<group>"; };
		71A0159F1FD332ED0022AE09 /* Extensions.swift */ = {isa = PBXFileReference; lastKnownFileType = sourcecode.swift; path = Extensions.swift; sourceTree = "<group>"; };
		71A015A11FD3376F0022AE09 /* Beads.swift */ = {isa = PBXFileReference; lastKnownFileType = sourcecode.swift; path = Beads.swift; sourceTree = "<group>"; };
		AD468C45255D660F00F13125 /* GameScene.sks */ = {isa = PBXFileReference; lastKnownFileType = file.sks; path = GameScene.sks; sourceTree = "<group>"; };
		AD48BE75256C266C0016CE19 /* SliderExt.swift */ = {isa = PBXFileReference; lastKnownFileType = sourcecode.swift; path = SliderExt.swift; sourceTree = "<group>"; };
		ADA3DCCF2560C0EB00194694 /* NewTaskExt.swift */ = {isa = PBXFileReference; lastKnownFileType = sourcecode.swift; path = NewTaskExt.swift; sourceTree = "<group>"; };
		ADA3DCD52560C16B00194694 /* GiveRewardExt.swift */ = {isa = PBXFileReference; lastKnownFileType = sourcecode.swift; path = GiveRewardExt.swift; sourceTree = "<group>"; };
		ADA3DCDB2560C1BF00194694 /* AdjustExt.swift */ = {isa = PBXFileReference; lastKnownFileType = sourcecode.swift; path = AdjustExt.swift; sourceTree = "<group>"; };
		ADA3DCDF2560C20300194694 /* TouchesExt.swift */ = {isa = PBXFileReference; lastKnownFileType = sourcecode.swift; path = TouchesExt.swift; sourceTree = "<group>"; };
		ADA3DCEC2560C34800194694 /* UpdatesExt.swift */ = {isa = PBXFileReference; lastKnownFileType = sourcecode.swift; path = UpdatesExt.swift; sourceTree = "<group>"; };
		ADB3275925473CC300E11EF1 /* Launch Screen.storyboard */ = {isa = PBXFileReference; lastKnownFileType = file.storyboard; path = "Launch Screen.storyboard"; sourceTree = "<group>"; };
/* End PBXFileReference section */

/* Begin PBXFrameworksBuildPhase section */
		71A014FC1FD30DF50022AE09 /* Frameworks */ = {
			isa = PBXFrameworksBuildPhase;
			buildActionMask = 2147483647;
			files = (
				AD0156BB2564725E00A81E59 /* Slider in Frameworks */,
			);
			runOnlyForDeploymentPostprocessing = 0;
		};
		71A015161FD30DF50022AE09 /* Frameworks */ = {
			isa = PBXFrameworksBuildPhase;
			buildActionMask = 2147483647;
			files = (
			);
			runOnlyForDeploymentPostprocessing = 0;
		};
/* End PBXFrameworksBuildPhase section */

/* Begin PBXGroup section */
		71A014F61FD30DF50022AE09 = {
			isa = PBXGroup;
			children = (
				71A015011FD30DF50022AE09 /* NumberStories */,
				71A015001FD30DF50022AE09 /* Products */,
				AD0156B92564725E00A81E59 /* Frameworks */,
			);
			sourceTree = "<group>";
		};
		71A015001FD30DF50022AE09 /* Products */ = {
			isa = PBXGroup;
			children = (
				71A014FF1FD30DF50022AE09 /* NumberStories.app */,
				71A015191FD30DF50022AE09 /* NumberStoriesTests.xctest */,
			);
			name = Products;
			sourceTree = "<group>";
		};
		71A015011FD30DF50022AE09 /* NumberStories */ = {
			isa = PBXGroup;
			children = (
				ADA3DCE32560C28400194694 /* GameScene */,
				71A015141FD30DF50022AE09 /* Info.plist */,
				71A015021FD30DF50022AE09 /* AppDelegate.swift */,
				71A015A11FD3376F0022AE09 /* Beads.swift */,
				71A0159F1FD332ED0022AE09 /* Extensions.swift */,
				71A0159D1FD332930022AE09 /* Game.swift */,
				71A0150A1FD30DF50022AE09 /* GameViewController.swift */,
				71A0159B1FD316BA0022AE09 /* MenuScene.swift */,
				71A015921FD3146D0022AE09 /* media.xcassets */,
				71A0152F1FD313990022AE09 /* audio */,
				71A0150C1FD30DF50022AE09 /* Main.storyboard */,
				71A0159A1FD315490022AE09 /* scenes */,
				ADB3275925473CC300E11EF1 /* Launch Screen.storyboard */,
			);
			path = NumberStories;
			sourceTree = "<group>";
		};
		71A0152F1FD313990022AE09 /* audio */ = {
			isa = PBXGroup;
			children = (
				71A015421FD3140F0022AE09 /* Apple_Bite-Simon_Craggs-1683647397.mp3 */,
				71A0154D1FD314100022AE09 /* Blop-Mark_DiAngelo-79054334.mp3 */,
				71A0155A1FD314120022AE09 /* chose.caf */,
				71A015551FD314110022AE09 /* cool.caf */,
				71A0153F1FD3140F0022AE09 /* correct.caf */,
				71A015471FD3140F0022AE09 /* drag.caf */,
				71A015451FD3140F0022AE09 /* equals.caf */,
				71A0153E1FD3140F0022AE09 /* hi.caf */,
				71A0154E1FD314100022AE09 /* left-0.caf */,
				71A015511FD314110022AE09 /* left-1.caf */,
				71A0155E1FD314120022AE09 /* left-2.caf */,
				71A015581FD314120022AE09 /* left-3.caf */,
				71A0155D1FD314120022AE09 /* left-4.caf */,
				71A0153A1FD3140E0022AE09 /* left-5.caf */,
				71A015481FD314100022AE09 /* left-6.caf */,
				71A0154A1FD314100022AE09 /* left-7.caf */,
				71A015301FD3140E0022AE09 /* left-8.caf */,
				71A015521FD314110022AE09 /* left-9.caf */,
				71A015411FD3140F0022AE09 /* left-10.caf */,
				71A0153C1FD3140F0022AE09 /* Metal_Gong-Dianakc-109711828.mp3 */,
				71A015461FD3140F0022AE09 /* nice.caf */,
				71A015331FD3140E0022AE09 /* nicely-done.caf */,
				71A0154B1FD314100022AE09 /* plus.caf */,
				71A0155B1FD314120022AE09 /* right-0.caf */,
				71A015561FD314110022AE09 /* right-1.caf */,
				71A0154C1FD314100022AE09 /* right-2.caf */,
				71A015571FD314110022AE09 /* right-3.caf */,
				71A015541FD314110022AE09 /* right-4.caf */,
				71A015591FD314120022AE09 /* right-5.caf */,
				71A0153D1FD3140F0022AE09 /* right-6.caf */,
				71A015441FD3140F0022AE09 /* right-7.caf */,
				71A015401FD3140F0022AE09 /* right-8.caf */,
				71A015341FD3140E0022AE09 /* right-9.caf */,
				71A015351FD3140E0022AE09 /* right-10.caf */,
				71A0154F1FD314100022AE09 /* snatch.aif */,
				71A0155C1FD314120022AE09 /* sum-1.caf */,
				71A0153B1FD3140F0022AE09 /* sum-2.caf */,
				71A015381FD3140E0022AE09 /* sum-3.caf */,
				71A015361FD3140E0022AE09 /* sum-4.caf */,
				71A015601FD314120022AE09 /* sum-5.caf */,
				71A015391FD3140E0022AE09 /* sum-6.caf */,
				71A015321FD3140E0022AE09 /* sum-7.caf */,
				71A015531FD314110022AE09 /* sum-8.caf */,
				71A015371FD3140E0022AE09 /* sum-9.caf */,
				71A015491FD314100022AE09 /* sum-10.caf */,
				71A015431FD3140F0022AE09 /* thats-it.caf */,
				71A0155F1FD314120022AE09 /* thats-right.caf */,
				71A015501FD314110022AE09 /* welcome.caf */,
				71A015311FD3140E0022AE09 /* well-done.caf */,
			);
			path = audio;
			sourceTree = "<group>";
		};
		71A0159A1FD315490022AE09 /* scenes */ = {
			isa = PBXGroup;
			children = (
				AD468C45255D660F00F13125 /* GameScene.sks */,
				71A015941FD3153D0022AE09 /* Beads.sks */,
				71A015951FD3153D0022AE09 /* MenuScene.sks */,
			);
			path = scenes;
			sourceTree = "<group>";
		};
		AD0156B92564725E00A81E59 /* Frameworks */ = {
			isa = PBXGroup;
			children = (
			);
			name = Frameworks;
			sourceTree = "<group>";
		};
		ADA3DCE32560C28400194694 /* GameScene */ = {
			isa = PBXGroup;
			children = (
				71A015081FD30DF50022AE09 /* GameScene.swift */,
				ADA3DCDB2560C1BF00194694 /* AdjustExt.swift */,
				ADA3DCDF2560C20300194694 /* TouchesExt.swift */,
				ADA3DCD52560C16B00194694 /* GiveRewardExt.swift */,
				ADA3DCCF2560C0EB00194694 /* NewTaskExt.swift */,
				ADA3DCEC2560C34800194694 /* UpdatesExt.swift */,
				AD48BE75256C266C0016CE19 /* SliderExt.swift */,
			);
			path = GameScene;
			sourceTree = "<group>";
		};
/* End PBXGroup section */

/* Begin PBXNativeTarget section */
		71A014FE1FD30DF50022AE09 /* NumberStories */ = {
			isa = PBXNativeTarget;
			buildConfigurationList = 71A015221FD30DF50022AE09 /* Build configuration list for PBXNativeTarget "NumberStories" */;
			buildPhases = (
				71A014FB1FD30DF50022AE09 /* Sources */,
				71A014FC1FD30DF50022AE09 /* Frameworks */,
				71A014FD1FD30DF50022AE09 /* Resources */,
			);
			buildRules = (
			);
			dependencies = (
			);
			name = NumberStories;
			packageProductDependencies = (
				AD0156BA2564725E00A81E59 /* Slider */,
			);
			productName = NumberStories;
			productReference = 71A014FF1FD30DF50022AE09 /* NumberStories.app */;
			productType = "com.apple.product-type.application";
		};
		71A015181FD30DF50022AE09 /* NumberStoriesTests */ = {
			isa = PBXNativeTarget;
			buildConfigurationList = 71A015251FD30DF50022AE09 /* Build configuration list for PBXNativeTarget "NumberStoriesTests" */;
			buildPhases = (
				71A015151FD30DF50022AE09 /* Sources */,
				71A015161FD30DF50022AE09 /* Frameworks */,
				71A015171FD30DF50022AE09 /* Resources */,
			);
			buildRules = (
			);
			dependencies = (
				71A0151B1FD30DF50022AE09 /* PBXTargetDependency */,
			);
			name = NumberStoriesTests;
			productName = NumberStoriesTests;
			productReference = 71A015191FD30DF50022AE09 /* NumberStoriesTests.xctest */;
			productType = "com.apple.product-type.bundle.unit-test";
		};
/* End PBXNativeTarget section */

/* Begin PBXProject section */
		71A014F71FD30DF50022AE09 /* Project object */ = {
			isa = PBXProject;
			attributes = {
				LastSwiftUpdateCheck = 0910;
				LastUpgradeCheck = 1220;
				ORGANIZATIONNAME = "Marko Rankovic";
				TargetAttributes = {
					71A014FE1FD30DF50022AE09 = {
						CreatedOnToolsVersion = 9.1;
						LastSwiftMigration = 1220;
						ProvisioningStyle = Automatic;
					};
					71A015181FD30DF50022AE09 = {
						CreatedOnToolsVersion = 9.1;
						ProvisioningStyle = Automatic;
						TestTargetID = 71A014FE1FD30DF50022AE09;
					};
				};
			};
			buildConfigurationList = 71A014FA1FD30DF50022AE09 /* Build configuration list for PBXProject "NumberStories" */;
			compatibilityVersion = "Xcode 11.4";
			developmentRegion = en;
			hasScannedForEncodings = 0;
			knownRegions = (
				en,
				Base,
			);
			mainGroup = 71A014F61FD30DF50022AE09;
			packageReferences = (
			);
			productRefGroup = 71A015001FD30DF50022AE09 /* Products */;
			projectDirPath = "";
			projectRoot = "";
			targets = (
				71A014FE1FD30DF50022AE09 /* NumberStories */,
				71A015181FD30DF50022AE09 /* NumberStoriesTests */,
			);
		};
/* End PBXProject section */

/* Begin PBXResourcesBuildPhase section */
		71A014FD1FD30DF50022AE09 /* Resources */ = {
			isa = PBXResourcesBuildPhase;
			buildActionMask = 2147483647;
			files = (
				71A0158F1FD314130022AE09 /* left-2.caf in Resources */,
				71A0158C1FD314130022AE09 /* right-0.caf in Resources */,
				71A015641FD314130022AE09 /* nicely-done.caf in Resources */,
				71A015861FD314130022AE09 /* cool.caf in Resources */,
				71A015901FD314130022AE09 /* thats-right.caf in Resources */,
				71A015661FD314130022AE09 /* right-10.caf in Resources */,
				71A0158B1FD314130022AE09 /* chose.caf in Resources */,
				71A0157D1FD314130022AE09 /* right-2.caf in Resources */,
				71A015811FD314130022AE09 /* welcome.caf in Resources */,
				71A015691FD314130022AE09 /* sum-3.caf in Resources */,
				71A0150E1FD30DF50022AE09 /* Main.storyboard in Resources */,
				71A015871FD314130022AE09 /* right-1.caf in Resources */,
				71A015821FD314130022AE09 /* left-1.caf in Resources */,
				71A015711FD314130022AE09 /* right-8.caf in Resources */,
				71A015801FD314130022AE09 /* snatch.aif in Resources */,
				71A015761FD314130022AE09 /* equals.caf in Resources */,
				71A0158D1FD314130022AE09 /* sum-1.caf in Resources */,
				71A0156A1FD314130022AE09 /* sum-6.caf in Resources */,
				71A015831FD314130022AE09 /* left-9.caf in Resources */,
				71A015851FD314130022AE09 /* right-4.caf in Resources */,
				71A0158E1FD314130022AE09 /* left-4.caf in Resources */,
				71A015681FD314130022AE09 /* sum-9.caf in Resources */,
				71A015751FD314130022AE09 /* right-7.caf in Resources */,
				71A0157F1FD314130022AE09 /* left-0.caf in Resources */,
				71A015881FD314130022AE09 /* right-3.caf in Resources */,
				71A0157C1FD314130022AE09 /* plus.caf in Resources */,
				71A015721FD314130022AE09 /* left-10.caf in Resources */,
				71A015631FD314130022AE09 /* sum-7.caf in Resources */,
				ADB3275A25473CC300E11EF1 /* Launch Screen.storyboard in Resources */,
				71A0156E1FD314130022AE09 /* right-6.caf in Resources */,
				71A015621FD314130022AE09 /* well-done.caf in Resources */,
				71A015611FD314130022AE09 /* left-8.caf in Resources */,
				71A0157A1FD314130022AE09 /* sum-10.caf in Resources */,
				71A015731FD314130022AE09 /* Apple_Bite-Simon_Craggs-1683647397.mp3 in Resources */,
				71A0157B1FD314130022AE09 /* left-7.caf in Resources */,
				71A015791FD314130022AE09 /* left-6.caf in Resources */,
				AD468C46255D660F00F13125 /* GameScene.sks in Resources */,
				71A015671FD314130022AE09 /* sum-4.caf in Resources */,
				71A015841FD314130022AE09 /* sum-8.caf in Resources */,
				71A015781FD314130022AE09 /* drag.caf in Resources */,
				71A015931FD3146D0022AE09 /* media.xcassets in Resources */,
				71A0156D1FD314130022AE09 /* Metal_Gong-Dianakc-109711828.mp3 in Resources */,
				71A015701FD314130022AE09 /* correct.caf in Resources */,
				71A0156C1FD314130022AE09 /* sum-2.caf in Resources */,
				71A0156F1FD314130022AE09 /* hi.caf in Resources */,
				71A015981FD3153D0022AE09 /* MenuScene.sks in Resources */,
				71A015741FD314130022AE09 /* thats-it.caf in Resources */,
				71A015771FD314130022AE09 /* nice.caf in Resources */,
				71A015911FD314130022AE09 /* sum-5.caf in Resources */,
				71A015971FD3153D0022AE09 /* Beads.sks in Resources */,
				71A0158A1FD314130022AE09 /* right-5.caf in Resources */,
				71A015651FD314130022AE09 /* right-9.caf in Resources */,
				71A0157E1FD314130022AE09 /* Blop-Mark_DiAngelo-79054334.mp3 in Resources */,
				71A0156B1FD314130022AE09 /* left-5.caf in Resources */,
				71A015891FD314130022AE09 /* left-3.caf in Resources */,
			);
			runOnlyForDeploymentPostprocessing = 0;
		};
		71A015171FD30DF50022AE09 /* Resources */ = {
			isa = PBXResourcesBuildPhase;
			buildActionMask = 2147483647;
			files = (
			);
			runOnlyForDeploymentPostprocessing = 0;
		};
/* End PBXResourcesBuildPhase section */

/* Begin PBXSourcesBuildPhase section */
		71A014FB1FD30DF50022AE09 /* Sources */ = {
			isa = PBXSourcesBuildPhase;
			buildActionMask = 2147483647;
			files = (
				71A015091FD30DF50022AE09 /* GameScene.swift in Sources */,
				ADA3DCD02560C0EB00194694 /* NewTaskExt.swift in Sources */,
				71A0159E1FD332930022AE09 /* Game.swift in Sources */,
				71A0159C1FD316BA0022AE09 /* MenuScene.swift in Sources */,
				71A0150B1FD30DF50022AE09 /* GameViewController.swift in Sources */,
				ADA3DCE02560C20300194694 /* TouchesExt.swift in Sources */,
				71A015031FD30DF50022AE09 /* AppDelegate.swift in Sources */,
				71A015A21FD3376F0022AE09 /* Beads.swift in Sources */,
				AD48BE76256C266C0016CE19 /* SliderExt.swift in Sources */,
				ADA3DCD62560C16B00194694 /* GiveRewardExt.swift in Sources */,
				ADA3DCDC2560C1BF00194694 /* AdjustExt.swift in Sources */,
				ADA3DCED2560C34800194694 /* UpdatesExt.swift in Sources */,
				71A015A01FD332ED0022AE09 /* Extensions.swift in Sources */,
			);
			runOnlyForDeploymentPostprocessing = 0;
		};
		71A015151FD30DF50022AE09 /* Sources */ = {
			isa = PBXSourcesBuildPhase;
			buildActionMask = 2147483647;
			files = (
			);
			runOnlyForDeploymentPostprocessing = 0;
		};
/* End PBXSourcesBuildPhase section */

/* Begin PBXTargetDependency section */
		71A0151B1FD30DF50022AE09 /* PBXTargetDependency */ = {
			isa = PBXTargetDependency;
			target = 71A014FE1FD30DF50022AE09 /* NumberStories */;
			targetProxy = 71A0151A1FD30DF50022AE09 /* PBXContainerItemProxy */;
		};
/* End PBXTargetDependency section */

/* Begin PBXVariantGroup section */
		71A0150C1FD30DF50022AE09 /* Main.storyboard */ = {
			isa = PBXVariantGroup;
			children = (
				71A0150D1FD30DF50022AE09 /* Base */,
			);
			name = Main.storyboard;
			sourceTree = "<group>";
		};
/* End PBXVariantGroup section */

/* Begin XCBuildConfiguration section */
		71A015201FD30DF50022AE09 /* Debug */ = {
			isa = XCBuildConfiguration;
			buildSettings = {
				ALWAYS_SEARCH_USER_PATHS = NO;
				CLANG_ANALYZER_NONNULL = YES;
				CLANG_ANALYZER_NUMBER_OBJECT_CONVERSION = YES_AGGRESSIVE;
				CLANG_CXX_LANGUAGE_STANDARD = "gnu++14";
				CLANG_CXX_LIBRARY = "libc++";
				CLANG_ENABLE_MODULES = YES;
				CLANG_ENABLE_OBJC_ARC = YES;
				CLANG_WARN_BLOCK_CAPTURE_AUTORELEASING = YES;
				CLANG_WARN_BOOL_CONVERSION = YES;
				CLANG_WARN_COMMA = YES;
				CLANG_WARN_CONSTANT_CONVERSION = YES;
				CLANG_WARN_DEPRECATED_OBJC_IMPLEMENTATIONS = YES;
				CLANG_WARN_DIRECT_OBJC_ISA_USAGE = YES_ERROR;
				CLANG_WARN_DOCUMENTATION_COMMENTS = YES;
				CLANG_WARN_EMPTY_BODY = YES;
				CLANG_WARN_ENUM_CONVERSION = YES;
				CLANG_WARN_INFINITE_RECURSION = YES;
				CLANG_WARN_INT_CONVERSION = YES;
				CLANG_WARN_NON_LITERAL_NULL_CONVERSION = YES;
				CLANG_WARN_OBJC_IMPLICIT_RETAIN_SELF = YES;
				CLANG_WARN_OBJC_LITERAL_CONVERSION = YES;
				CLANG_WARN_OBJC_ROOT_CLASS = YES_ERROR;
				CLANG_WARN_QUOTED_INCLUDE_IN_FRAMEWORK_HEADER = YES;
				CLANG_WARN_RANGE_LOOP_ANALYSIS = YES;
				CLANG_WARN_STRICT_PROTOTYPES = YES;
				CLANG_WARN_SUSPICIOUS_MOVE = YES;
				CLANG_WARN_UNGUARDED_AVAILABILITY = YES_AGGRESSIVE;
				CLANG_WARN_UNREACHABLE_CODE = YES;
				CLANG_WARN__DUPLICATE_METHOD_MATCH = YES;
				CODE_SIGN_IDENTITY = "iPhone Developer";
				COPY_PHASE_STRIP = NO;
				DEBUG_INFORMATION_FORMAT = dwarf;
				ENABLE_STRICT_OBJC_MSGSEND = YES;
				ENABLE_TESTABILITY = YES;
				GCC_C_LANGUAGE_STANDARD = gnu11;
				GCC_DYNAMIC_NO_PIC = NO;
				GCC_NO_COMMON_BLOCKS = YES;
				GCC_OPTIMIZATION_LEVEL = 0;
				GCC_PREPROCESSOR_DEFINITIONS = (
					"DEBUG=1",
					"$(inherited)",
				);
				GCC_WARN_64_TO_32_BIT_CONVERSION = YES;
				GCC_WARN_ABOUT_RETURN_TYPE = YES_ERROR;
				GCC_WARN_UNDECLARED_SELECTOR = YES;
				GCC_WARN_UNINITIALIZED_AUTOS = YES_AGGRESSIVE;
				GCC_WARN_UNUSED_FUNCTION = YES;
				GCC_WARN_UNUSED_VARIABLE = YES;
				IPHONEOS_DEPLOYMENT_TARGET = 14.0;
				MTL_ENABLE_DEBUG_INFO = YES;
				ONLY_ACTIVE_ARCH = YES;
				SDKROOT = iphoneos;
				SWIFT_ACTIVE_COMPILATION_CONDITIONS = DEBUG;
				SWIFT_OPTIMIZATION_LEVEL = "-Onone";
			};
			name = Debug;
		};
		71A015211FD30DF50022AE09 /* Release */ = {
			isa = XCBuildConfiguration;
			buildSettings = {
				ALWAYS_SEARCH_USER_PATHS = NO;
				CLANG_ANALYZER_NONNULL = YES;
				CLANG_ANALYZER_NUMBER_OBJECT_CONVERSION = YES_AGGRESSIVE;
				CLANG_CXX_LANGUAGE_STANDARD = "gnu++14";
				CLANG_CXX_LIBRARY = "libc++";
				CLANG_ENABLE_MODULES = YES;
				CLANG_ENABLE_OBJC_ARC = YES;
				CLANG_WARN_BLOCK_CAPTURE_AUTORELEASING = YES;
				CLANG_WARN_BOOL_CONVERSION = YES;
				CLANG_WARN_COMMA = YES;
				CLANG_WARN_CONSTANT_CONVERSION = YES;
				CLANG_WARN_DEPRECATED_OBJC_IMPLEMENTATIONS = YES;
				CLANG_WARN_DIRECT_OBJC_ISA_USAGE = YES_ERROR;
				CLANG_WARN_DOCUMENTATION_COMMENTS = YES;
				CLANG_WARN_EMPTY_BODY = YES;
				CLANG_WARN_ENUM_CONVERSION = YES;
				CLANG_WARN_INFINITE_RECURSION = YES;
				CLANG_WARN_INT_CONVERSION = YES;
				CLANG_WARN_NON_LITERAL_NULL_CONVERSION = YES;
				CLANG_WARN_OBJC_IMPLICIT_RETAIN_SELF = YES;
				CLANG_WARN_OBJC_LITERAL_CONVERSION = YES;
				CLANG_WARN_OBJC_ROOT_CLASS = YES_ERROR;
				CLANG_WARN_QUOTED_INCLUDE_IN_FRAMEWORK_HEADER = YES;
				CLANG_WARN_RANGE_LOOP_ANALYSIS = YES;
				CLANG_WARN_STRICT_PROTOTYPES = YES;
				CLANG_WARN_SUSPICIOUS_MOVE = YES;
				CLANG_WARN_UNGUARDED_AVAILABILITY = YES_AGGRESSIVE;
				CLANG_WARN_UNREACHABLE_CODE = YES;
				CLANG_WARN__DUPLICATE_METHOD_MATCH = YES;
				CODE_SIGN_IDENTITY = "iPhone Developer";
				COPY_PHASE_STRIP = NO;
				DEBUG_INFORMATION_FORMAT = "dwarf-with-dsym";
				ENABLE_NS_ASSERTIONS = NO;
				ENABLE_STRICT_OBJC_MSGSEND = YES;
				GCC_C_LANGUAGE_STANDARD = gnu11;
				GCC_NO_COMMON_BLOCKS = YES;
				GCC_WARN_64_TO_32_BIT_CONVERSION = YES;
				GCC_WARN_ABOUT_RETURN_TYPE = YES_ERROR;
				GCC_WARN_UNDECLARED_SELECTOR = YES;
				GCC_WARN_UNINITIALIZED_AUTOS = YES_AGGRESSIVE;
				GCC_WARN_UNUSED_FUNCTION = YES;
				GCC_WARN_UNUSED_VARIABLE = YES;
				IPHONEOS_DEPLOYMENT_TARGET = 14.0;
				MTL_ENABLE_DEBUG_INFO = NO;
				SDKROOT = iphoneos;
				SWIFT_COMPILATION_MODE = wholemodule;
				SWIFT_OPTIMIZATION_LEVEL = "-O";
				VALIDATE_PRODUCT = YES;
			};
			name = Release;
		};
		71A015231FD30DF50022AE09 /* Debug */ = {
			isa = XCBuildConfiguration;
			buildSettings = {
				ASSETCATALOG_COMPILER_APPICON_NAME = AppIcon;
				ASSETCATALOG_COMPILER_LAUNCHIMAGE_NAME = "";
				CODE_SIGN_STYLE = Automatic;
				CURRENT_PROJECT_VERSION = 3;
				DEVELOPMENT_TEAM = 83XX9TWPTZ;
				INFOPLIST_FILE = NumberStories/Info.plist;
				IPHONEOS_DEPLOYMENT_TARGET = 14.0;
				LD_RUNPATH_SEARCH_PATHS = (
					"$(inherited)",
					"@executable_path/Frameworks",
				);
				MARKETING_VERSION = 1.0.2;
				PRODUCT_BUNDLE_IDENTIFIER = "com.gmail.markosapps.Number-Stories";
				PRODUCT_NAME = "$(TARGET_NAME)";
				SWIFT_VERSION = 5.0;
				TARGETED_DEVICE_FAMILY = "1,2";
			};
			name = Debug;
		};
		71A015241FD30DF50022AE09 /* Release */ = {
			isa = XCBuildConfiguration;
			buildSettings = {
				ASSETCATALOG_COMPILER_APPICON_NAME = AppIcon;
				ASSETCATALOG_COMPILER_LAUNCHIMAGE_NAME = "";
				CODE_SIGN_STYLE = Automatic;
				CURRENT_PROJECT_VERSION = 3;
				DEVELOPMENT_TEAM = 83XX9TWPTZ;
				INFOPLIST_FILE = NumberStories/Info.plist;
				IPHONEOS_DEPLOYMENT_TARGET = 14.0;
				LD_RUNPATH_SEARCH_PATHS = (
					"$(inherited)",
					"@executable_path/Frameworks",
				);
				MARKETING_VERSION = 1.0.2;
				PRODUCT_BUNDLE_IDENTIFIER = "com.gmail.markosapps.Number-Stories";
				PRODUCT_NAME = "$(TARGET_NAME)";
				SWIFT_VERSION = 5.0;
				TARGETED_DEVICE_FAMILY = "1,2";
			};
			name = Release;
		};
		71A015261FD30DF50022AE09 /* Debug */ = {
			isa = XCBuildConfiguration;
			buildSettings = {
				ALWAYS_EMBED_SWIFT_STANDARD_LIBRARIES = YES;
				BUNDLE_LOADER = "$(TEST_HOST)";
				CODE_SIGN_STYLE = Automatic;
				DEVELOPMENT_TEAM = 83XX9TWPTZ;
				INFOPLIST_FILE = NumberStoriesTests/Info.plist;
				LD_RUNPATH_SEARCH_PATHS = (
					"$(inherited)",
					"@executable_path/Frameworks",
					"@loader_path/Frameworks",
				);
				PRODUCT_BUNDLE_IDENTIFIER = uk.co.hotmail.markorankovic.NumberStoriesTests;
				PRODUCT_NAME = "$(TARGET_NAME)";
				SWIFT_VERSION = 4.0;
				TARGETED_DEVICE_FAMILY = "1,2";
				TEST_HOST = "$(BUILT_PRODUCTS_DIR)/NumberStories.app/NumberStories";
			};
			name = Debug;
		};
		71A015271FD30DF50022AE09 /* Release */ = {
			isa = XCBuildConfiguration;
			buildSettings = {
				ALWAYS_EMBED_SWIFT_STANDARD_LIBRARIES = YES;
				BUNDLE_LOADER = "$(TEST_HOST)";
				CODE_SIGN_STYLE = Automatic;
				DEVELOPMENT_TEAM = 83XX9TWPTZ;
				INFOPLIST_FILE = NumberStoriesTests/Info.plist;
				LD_RUNPATH_SEARCH_PATHS = (
					"$(inherited)",
					"@executable_path/Frameworks",
					"@loader_path/Frameworks",
				);
				PRODUCT_BUNDLE_IDENTIFIER = uk.co.hotmail.markorankovic.NumberStoriesTests;
				PRODUCT_NAME = "$(TARGET_NAME)";
				SWIFT_VERSION = 4.0;
				TARGETED_DEVICE_FAMILY = "1,2";
				TEST_HOST = "$(BUILT_PRODUCTS_DIR)/NumberStories.app/NumberStories";
			};
			name = Release;
		};
/* End XCBuildConfiguration section */

/* Begin XCConfigurationList section */
		71A014FA1FD30DF50022AE09 /* Build configuration list for PBXProject "NumberStories" */ = {
			isa = XCConfigurationList;
			buildConfigurations = (
				71A015201FD30DF50022AE09 /* Debug */,
				71A015211FD30DF50022AE09 /* Release */,
			);
			defaultConfigurationIsVisible = 0;
			defaultConfigurationName = Release;
		};
		71A015221FD30DF50022AE09 /* Build configuration list for PBXNativeTarget "NumberStories" */ = {
			isa = XCConfigurationList;
			buildConfigurations = (
				71A015231FD30DF50022AE09 /* Debug */,
				71A015241FD30DF50022AE09 /* Release */,
			);
			defaultConfigurationIsVisible = 0;
			defaultConfigurationName = Release;
		};
		71A015251FD30DF50022AE09 /* Build configuration list for PBXNativeTarget "NumberStoriesTests" */ = {
			isa = XCConfigurationList;
			buildConfigurations = (
				71A015261FD30DF50022AE09 /* Debug */,
				71A015271FD30DF50022AE09 /* Release */,
			);
			defaultConfigurationIsVisible = 0;
			defaultConfigurationName = Release;
		};
/* End XCConfigurationList section */

/* Begin XCSwiftPackageProductDependency section */
		AD0156BA2564725E00A81E59 /* Slider */ = {
			isa = XCSwiftPackageProductDependency;
			productName = Slider;
		};
/* End XCSwiftPackageProductDependency section */
	};
	rootObject = 71A014F71FD30DF50022AE09 /* Project object */;
}
