// !$*UTF8*$!
{
	archiveVersion = 1;
	classes = {
	};
	objectVersion = 52;
	objects = {

/* Begin PBXBuildFile section */
		AD984B5F2541DB82007D641D /* NumberStoriesAPI in Frameworks */ = {isa = PBXBuildFile; productRef = AD984B5E2541DB82007D641D /* NumberStoriesAPI */; };
		AD984B642541DDA9007D641D /* imports.swift in Sources */ = {isa = PBXBuildFile; fileRef = AD984B632541DDA9007D641D /* imports.swift */; };
		ADA2BABC253F35D900C4FB6D /* Number_StoriesApp.swift in Sources */ = {isa = PBXBuildFile; fileRef = ADA2BABB253F35D900C4FB6D /* Number_StoriesApp.swift */; };
		ADA2BABE253F35D900C4FB6D /* ContentView.swift in Sources */ = {isa = PBXBuildFile; fileRef = ADA2BABD253F35D900C4FB6D /* ContentView.swift */; };
		ADA2BAC0253F35D900C4FB6D /* Assets.xcassets in Resources */ = {isa = PBXBuildFile; fileRef = ADA2BABF253F35D900C4FB6D /* Assets.xcassets */; };
		ADA2BAC3253F35D900C4FB6D /* Preview Assets.xcassets in Resources */ = {isa = PBXBuildFile; fileRef = ADA2BAC2253F35D900C4FB6D /* Preview Assets.xcassets */; };
		ADA2BACE253F35DA00C4FB6D /* Number_StoriesTests.swift in Sources */ = {isa = PBXBuildFile; fileRef = ADA2BACD253F35DA00C4FB6D /* Number_StoriesTests.swift */; };
		ADA2BAD9253F35DA00C4FB6D /* Number_StoriesUITests.swift in Sources */ = {isa = PBXBuildFile; fileRef = ADA2BAD8253F35DA00C4FB6D /* Number_StoriesUITests.swift */; };
		ADA2BAEB253F362F00C4FB6D /* GameScene.swift in Sources */ = {isa = PBXBuildFile; fileRef = ADA2BAE9253F362F00C4FB6D /* GameScene.swift */; };
		ADBD7E512541F2E300C79F36 /* GameView.swift in Sources */ = {isa = PBXBuildFile; fileRef = ADBD7E502541F2E300C79F36 /* GameView.swift */; };
		ADBD7E562541F8CD00C79F36 /* MainMenuView.swift in Sources */ = {isa = PBXBuildFile; fileRef = ADBD7E552541F8CD00C79F36 /* MainMenuView.swift */; };
		ADEC1053254365020034D57C /* StoryNumberView.swift in Sources */ = {isa = PBXBuildFile; fileRef = ADEC1052254365020034D57C /* StoryNumberView.swift */; };
/* End PBXBuildFile section */

/* Begin PBXContainerItemProxy section */
		ADA2BACA253F35DA00C4FB6D /* PBXContainerItemProxy */ = {
			isa = PBXContainerItemProxy;
			containerPortal = ADA2BAB0253F35D900C4FB6D /* Project object */;
			proxyType = 1;
			remoteGlobalIDString = ADA2BAB7253F35D900C4FB6D;
			remoteInfo = "Number Stories";
		};
		ADA2BAD5253F35DA00C4FB6D /* PBXContainerItemProxy */ = {
			isa = PBXContainerItemProxy;
			containerPortal = ADA2BAB0253F35D900C4FB6D /* Project object */;
			proxyType = 1;
			remoteGlobalIDString = ADA2BAB7253F35D900C4FB6D;
			remoteInfo = "Number Stories";
		};
/* End PBXContainerItemProxy section */

/* Begin PBXFileReference section */
		AD984B632541DDA9007D641D /* imports.swift */ = {isa = PBXFileReference; lastKnownFileType = sourcecode.swift; path = imports.swift; sourceTree = "<group>"; };
		ADA2BAB8253F35D900C4FB6D /* Number Stories.app */ = {isa = PBXFileReference; explicitFileType = wrapper.application; includeInIndex = 0; path = "Number Stories.app"; sourceTree = BUILT_PRODUCTS_DIR; };
		ADA2BABB253F35D900C4FB6D /* Number_StoriesApp.swift */ = {isa = PBXFileReference; lastKnownFileType = sourcecode.swift; path = Number_StoriesApp.swift; sourceTree = "<group>"; };
		ADA2BABD253F35D900C4FB6D /* ContentView.swift */ = {isa = PBXFileReference; lastKnownFileType = sourcecode.swift; path = ContentView.swift; sourceTree = "<group>"; };
		ADA2BABF253F35D900C4FB6D /* Assets.xcassets */ = {isa = PBXFileReference; lastKnownFileType = folder.assetcatalog; path = Assets.xcassets; sourceTree = "<group>"; };
		ADA2BAC2253F35D900C4FB6D /* Preview Assets.xcassets */ = {isa = PBXFileReference; lastKnownFileType = folder.assetcatalog; path = "Preview Assets.xcassets"; sourceTree = "<group>"; };
		ADA2BAC4253F35D900C4FB6D /* Info.plist */ = {isa = PBXFileReference; lastKnownFileType = text.plist.xml; path = Info.plist; sourceTree = "<group>"; };
		ADA2BAC9253F35DA00C4FB6D /* Number StoriesTests.xctest */ = {isa = PBXFileReference; explicitFileType = wrapper.cfbundle; includeInIndex = 0; path = "Number StoriesTests.xctest"; sourceTree = BUILT_PRODUCTS_DIR; };
		ADA2BACD253F35DA00C4FB6D /* Number_StoriesTests.swift */ = {isa = PBXFileReference; lastKnownFileType = sourcecode.swift; path = Number_StoriesTests.swift; sourceTree = "<group>"; };
		ADA2BACF253F35DA00C4FB6D /* Info.plist */ = {isa = PBXFileReference; lastKnownFileType = text.plist.xml; path = Info.plist; sourceTree = "<group>"; };
		ADA2BAD4253F35DA00C4FB6D /* Number StoriesUITests.xctest */ = {isa = PBXFileReference; explicitFileType = wrapper.cfbundle; includeInIndex = 0; path = "Number StoriesUITests.xctest"; sourceTree = BUILT_PRODUCTS_DIR; };
		ADA2BAD8253F35DA00C4FB6D /* Number_StoriesUITests.swift */ = {isa = PBXFileReference; lastKnownFileType = sourcecode.swift; path = Number_StoriesUITests.swift; sourceTree = "<group>"; };
		ADA2BADA253F35DA00C4FB6D /* Info.plist */ = {isa = PBXFileReference; lastKnownFileType = text.plist.xml; path = Info.plist; sourceTree = "<group>"; };
		ADA2BAE9253F362F00C4FB6D /* GameScene.swift */ = {isa = PBXFileReference; fileEncoding = 4; lastKnownFileType = sourcecode.swift; path = GameScene.swift; sourceTree = "<group>"; };
		ADBD7E502541F2E300C79F36 /* GameView.swift */ = {isa = PBXFileReference; lastKnownFileType = sourcecode.swift; path = GameView.swift; sourceTree = "<group>"; };
		ADBD7E552541F8CD00C79F36 /* MainMenuView.swift */ = {isa = PBXFileReference; lastKnownFileType = sourcecode.swift; path = MainMenuView.swift; sourceTree = "<group>"; };
		ADEC1052254365020034D57C /* StoryNumberView.swift */ = {isa = PBXFileReference; lastKnownFileType = sourcecode.swift; path = StoryNumberView.swift; sourceTree = "<group>"; };
/* End PBXFileReference section */

/* Begin PBXFrameworksBuildPhase section */
		ADA2BAB5253F35D900C4FB6D /* Frameworks */ = {
			isa = PBXFrameworksBuildPhase;
			buildActionMask = 2147483647;
			files = (
				AD984B5F2541DB82007D641D /* NumberStoriesAPI in Frameworks */,
			);
			runOnlyForDeploymentPostprocessing = 0;
		};
		ADA2BAC6253F35DA00C4FB6D /* Frameworks */ = {
			isa = PBXFrameworksBuildPhase;
			buildActionMask = 2147483647;
			files = (
			);
			runOnlyForDeploymentPostprocessing = 0;
		};
		ADA2BAD1253F35DA00C4FB6D /* Frameworks */ = {
			isa = PBXFrameworksBuildPhase;
			buildActionMask = 2147483647;
			files = (
			);
			runOnlyForDeploymentPostprocessing = 0;
		};
/* End PBXFrameworksBuildPhase section */

/* Begin PBXGroup section */
		AD984B5D2541DB82007D641D /* Frameworks */ = {
			isa = PBXGroup;
			children = (
			);
			name = Frameworks;
			sourceTree = "<group>";
		};
		ADA2BAAF253F35D900C4FB6D = {
			isa = PBXGroup;
			children = (
				ADA2BABA253F35D900C4FB6D /* Number Stories */,
				ADA2BACC253F35DA00C4FB6D /* Number StoriesTests */,
				ADA2BAD7253F35DA00C4FB6D /* Number StoriesUITests */,
				ADA2BAB9253F35D900C4FB6D /* Products */,
				AD984B5D2541DB82007D641D /* Frameworks */,
			);
			sourceTree = "<group>";
		};
		ADA2BAB9253F35D900C4FB6D /* Products */ = {
			isa = PBXGroup;
			children = (
				ADA2BAB8253F35D900C4FB6D /* Number Stories.app */,
				ADA2BAC9253F35DA00C4FB6D /* Number StoriesTests.xctest */,
				ADA2BAD4253F35DA00C4FB6D /* Number StoriesUITests.xctest */,
			);
			name = Products;
			sourceTree = "<group>";
		};
		ADA2BABA253F35D900C4FB6D /* Number Stories */ = {
			isa = PBXGroup;
			children = (
				ADA2BAE9253F362F00C4FB6D /* GameScene.swift */,
				ADA2BABB253F35D900C4FB6D /* Number_StoriesApp.swift */,
				ADA2BABD253F35D900C4FB6D /* ContentView.swift */,
				ADA2BABF253F35D900C4FB6D /* Assets.xcassets */,
				ADA2BAC4253F35D900C4FB6D /* Info.plist */,
				ADA2BAC1253F35D900C4FB6D /* Preview Content */,
				AD984B632541DDA9007D641D /* imports.swift */,
				ADBD7E502541F2E300C79F36 /* GameView.swift */,
				ADBD7E552541F8CD00C79F36 /* MainMenuView.swift */,
				ADEC1052254365020034D57C /* StoryNumberView.swift */,
			);
			path = "Number Stories";
			sourceTree = "<group>";
		};
		ADA2BAC1253F35D900C4FB6D /* Preview Content */ = {
			isa = PBXGroup;
			children = (
				ADA2BAC2253F35D900C4FB6D /* Preview Assets.xcassets */,
			);
			path = "Preview Content";
			sourceTree = "<group>";
		};
		ADA2BACC253F35DA00C4FB6D /* Number StoriesTests */ = {
			isa = PBXGroup;
			children = (
				ADA2BACD253F35DA00C4FB6D /* Number_StoriesTests.swift */,
				ADA2BACF253F35DA00C4FB6D /* Info.plist */,
			);
			path = "Number StoriesTests";
			sourceTree = "<group>";
		};
		ADA2BAD7253F35DA00C4FB6D /* Number StoriesUITests */ = {
			isa = PBXGroup;
			children = (
				ADA2BAD8253F35DA00C4FB6D /* Number_StoriesUITests.swift */,
				ADA2BADA253F35DA00C4FB6D /* Info.plist */,
			);
			path = "Number StoriesUITests";
			sourceTree = "<group>";
		};
/* End PBXGroup section */

/* Begin PBXNativeTarget section */
		ADA2BAB7253F35D900C4FB6D /* Number Stories */ = {
			isa = PBXNativeTarget;
			buildConfigurationList = ADA2BADD253F35DA00C4FB6D /* Build configuration list for PBXNativeTarget "Number Stories" */;
			buildPhases = (
				ADA2BAB4253F35D900C4FB6D /* Sources */,
				ADA2BAB5253F35D900C4FB6D /* Frameworks */,
				ADA2BAB6253F35D900C4FB6D /* Resources */,
			);
			buildRules = (
			);
			dependencies = (
			);
			name = "Number Stories";
			packageProductDependencies = (
				AD984B5E2541DB82007D641D /* NumberStoriesAPI */,
			);
			productName = "Number Stories";
			productReference = ADA2BAB8253F35D900C4FB6D /* Number Stories.app */;
			productType = "com.apple.product-type.application";
		};
		ADA2BAC8253F35DA00C4FB6D /* Number StoriesTests */ = {
			isa = PBXNativeTarget;
			buildConfigurationList = ADA2BAE0253F35DA00C4FB6D /* Build configuration list for PBXNativeTarget "Number StoriesTests" */;
			buildPhases = (
				ADA2BAC5253F35DA00C4FB6D /* Sources */,
				ADA2BAC6253F35DA00C4FB6D /* Frameworks */,
				ADA2BAC7253F35DA00C4FB6D /* Resources */,
			);
			buildRules = (
			);
			dependencies = (
				ADA2BACB253F35DA00C4FB6D /* PBXTargetDependency */,
			);
			name = "Number StoriesTests";
			productName = "Number StoriesTests";
			productReference = ADA2BAC9253F35DA00C4FB6D /* Number StoriesTests.xctest */;
			productType = "com.apple.product-type.bundle.unit-test";
		};
		ADA2BAD3253F35DA00C4FB6D /* Number StoriesUITests */ = {
			isa = PBXNativeTarget;
			buildConfigurationList = ADA2BAE3253F35DA00C4FB6D /* Build configuration list for PBXNativeTarget "Number StoriesUITests" */;
			buildPhases = (
				ADA2BAD0253F35DA00C4FB6D /* Sources */,
				ADA2BAD1253F35DA00C4FB6D /* Frameworks */,
				ADA2BAD2253F35DA00C4FB6D /* Resources */,
			);
			buildRules = (
			);
			dependencies = (
				ADA2BAD6253F35DA00C4FB6D /* PBXTargetDependency */,
			);
			name = "Number StoriesUITests";
			productName = "Number StoriesUITests";
			productReference = ADA2BAD4253F35DA00C4FB6D /* Number StoriesUITests.xctest */;
			productType = "com.apple.product-type.bundle.ui-testing";
		};
/* End PBXNativeTarget section */

/* Begin PBXProject section */
		ADA2BAB0253F35D900C4FB6D /* Project object */ = {
			isa = PBXProject;
			attributes = {
				LastSwiftUpdateCheck = 1220;
				LastUpgradeCheck = 1220;
				TargetAttributes = {
					ADA2BAB7253F35D900C4FB6D = {
						CreatedOnToolsVersion = 12.2;
					};
					ADA2BAC8253F35DA00C4FB6D = {
						CreatedOnToolsVersion = 12.2;
						TestTargetID = ADA2BAB7253F35D900C4FB6D;
					};
					ADA2BAD3253F35DA00C4FB6D = {
						CreatedOnToolsVersion = 12.2;
						TestTargetID = ADA2BAB7253F35D900C4FB6D;
					};
				};
			};
			buildConfigurationList = ADA2BAB3253F35D900C4FB6D /* Build configuration list for PBXProject "Number Stories" */;
			compatibilityVersion = "Xcode 9.3";
			developmentRegion = en;
			hasScannedForEncodings = 0;
			knownRegions = (
				en,
				Base,
			);
			mainGroup = ADA2BAAF253F35D900C4FB6D;
			productRefGroup = ADA2BAB9253F35D900C4FB6D /* Products */;
			projectDirPath = "";
			projectRoot = "";
			targets = (
				ADA2BAB7253F35D900C4FB6D /* Number Stories */,
				ADA2BAC8253F35DA00C4FB6D /* Number StoriesTests */,
				ADA2BAD3253F35DA00C4FB6D /* Number StoriesUITests */,
			);
		};
/* End PBXProject section */

/* Begin PBXResourcesBuildPhase section */
		ADA2BAB6253F35D900C4FB6D /* Resources */ = {
			isa = PBXResourcesBuildPhase;
			buildActionMask = 2147483647;
			files = (
				ADA2BAC3253F35D900C4FB6D /* Preview Assets.xcassets in Resources */,
				ADA2BAC0253F35D900C4FB6D /* Assets.xcassets in Resources */,
			);
			runOnlyForDeploymentPostprocessing = 0;
		};
		ADA2BAC7253F35DA00C4FB6D /* Resources */ = {
			isa = PBXResourcesBuildPhase;
			buildActionMask = 2147483647;
			files = (
			);
			runOnlyForDeploymentPostprocessing = 0;
		};
		ADA2BAD2253F35DA00C4FB6D /* Resources */ = {
			isa = PBXResourcesBuildPhase;
			buildActionMask = 2147483647;
			files = (
			);
			runOnlyForDeploymentPostprocessing = 0;
		};
/* End PBXResourcesBuildPhase section */

/* Begin PBXSourcesBuildPhase section */
		ADA2BAB4253F35D900C4FB6D /* Sources */ = {
			isa = PBXSourcesBuildPhase;
			buildActionMask = 2147483647;
			files = (
				ADBD7E562541F8CD00C79F36 /* MainMenuView.swift in Sources */,
				ADA2BAEB253F362F00C4FB6D /* GameScene.swift in Sources */,
				ADA2BABE253F35D900C4FB6D /* ContentView.swift in Sources */,
				AD984B642541DDA9007D641D /* imports.swift in Sources */,
				ADA2BABC253F35D900C4FB6D /* Number_StoriesApp.swift in Sources */,
				ADEC1053254365020034D57C /* StoryNumberView.swift in Sources */,
				ADBD7E512541F2E300C79F36 /* GameView.swift in Sources */,
			);
			runOnlyForDeploymentPostprocessing = 0;
		};
		ADA2BAC5253F35DA00C4FB6D /* Sources */ = {
			isa = PBXSourcesBuildPhase;
			buildActionMask = 2147483647;
			files = (
				ADA2BACE253F35DA00C4FB6D /* Number_StoriesTests.swift in Sources */,
			);
			runOnlyForDeploymentPostprocessing = 0;
		};
		ADA2BAD0253F35DA00C4FB6D /* Sources */ = {
			isa = PBXSourcesBuildPhase;
			buildActionMask = 2147483647;
			files = (
				ADA2BAD9253F35DA00C4FB6D /* Number_StoriesUITests.swift in Sources */,
			);
			runOnlyForDeploymentPostprocessing = 0;
		};
/* End PBXSourcesBuildPhase section */

/* Begin PBXTargetDependency section */
		ADA2BACB253F35DA00C4FB6D /* PBXTargetDependency */ = {
			isa = PBXTargetDependency;
			target = ADA2BAB7253F35D900C4FB6D /* Number Stories */;
			targetProxy = ADA2BACA253F35DA00C4FB6D /* PBXContainerItemProxy */;
		};
		ADA2BAD6253F35DA00C4FB6D /* PBXTargetDependency */ = {
			isa = PBXTargetDependency;
			target = ADA2BAB7253F35D900C4FB6D /* Number Stories */;
			targetProxy = ADA2BAD5253F35DA00C4FB6D /* PBXContainerItemProxy */;
		};
/* End PBXTargetDependency section */

/* Begin XCBuildConfiguration section */
		ADA2BADB253F35DA00C4FB6D /* Debug */ = {
			isa = XCBuildConfiguration;
			buildSettings = {
				ALWAYS_SEARCH_USER_PATHS = NO;
				CLANG_ANALYZER_NONNULL = YES;
				CLANG_ANALYZER_NUMBER_OBJECT_CONVERSION = YES_AGGRESSIVE;
				CLANG_CXX_LANGUAGE_STANDARD = "gnu++14";
				CLANG_CXX_LIBRARY = "libc++";
				CLANG_ENABLE_MODULES = YES;
				CLANG_ENABLE_OBJC_ARC = YES;
				CLANG_ENABLE_OBJC_WEAK = YES;
				CLANG_WARN_BLOCK_CAPTURE_AUTORELEASING = YES;
				CLANG_WARN_BOOL_CONVERSION = YES;
				CLANG_WARN_COMMA = YES;
				CLANG_WARN_CONSTANT_CONVERSION = YES;
				CLANG_WARN_DEPRECATED_OBJC_IMPLEMENTATIONS = YES;
				CLANG_WARN_DIRECT_OBJC_ISA_USAGE = YES_ERROR;
				CLANG_WARN_DOCUMENTATION_COMMENTS = YES;
				CLANG_WARN_EMPTY_BODY = YES;
				CLANG_WARN_ENUM_CONVERSION = YES;
				CLANG_WARN_INFINITE_RECURSION = YES;
				CLANG_WARN_INT_CONVERSION = YES;
				CLANG_WARN_NON_LITERAL_NULL_CONVERSION = YES;
				CLANG_WARN_OBJC_IMPLICIT_RETAIN_SELF = YES;
				CLANG_WARN_OBJC_LITERAL_CONVERSION = YES;
				CLANG_WARN_OBJC_ROOT_CLASS = YES_ERROR;
				CLANG_WARN_QUOTED_INCLUDE_IN_FRAMEWORK_HEADER = YES;
				CLANG_WARN_RANGE_LOOP_ANALYSIS = YES;
				CLANG_WARN_STRICT_PROTOTYPES = YES;
				CLANG_WARN_SUSPICIOUS_MOVE = YES;
				CLANG_WARN_UNGUARDED_AVAILABILITY = YES_AGGRESSIVE;
				CLANG_WARN_UNREACHABLE_CODE = YES;
				CLANG_WARN__DUPLICATE_METHOD_MATCH = YES;
				COPY_PHASE_STRIP = NO;
				DEBUG_INFORMATION_FORMAT = dwarf;
				ENABLE_STRICT_OBJC_MSGSEND = YES;
				ENABLE_TESTABILITY = YES;
				GCC_C_LANGUAGE_STANDARD = gnu11;
				GCC_DYNAMIC_NO_PIC = NO;
				GCC_NO_COMMON_BLOCKS = YES;
				GCC_OPTIMIZATION_LEVEL = 0;
				GCC_PREPROCESSOR_DEFINITIONS = (
					"DEBUG=1",
					"$(inherited)",
				);
				GCC_WARN_64_TO_32_BIT_CONVERSION = YES;
				GCC_WARN_ABOUT_RETURN_TYPE = YES_ERROR;
				GCC_WARN_UNDECLARED_SELECTOR = YES;
				GCC_WARN_UNINITIALIZED_AUTOS = YES_AGGRESSIVE;
				GCC_WARN_UNUSED_FUNCTION = YES;
				GCC_WARN_UNUSED_VARIABLE = YES;
				IPHONEOS_DEPLOYMENT_TARGET = 14.2;
				MTL_ENABLE_DEBUG_INFO = INCLUDE_SOURCE;
				MTL_FAST_MATH = YES;
				ONLY_ACTIVE_ARCH = YES;
				SDKROOT = iphoneos;
				SWIFT_ACTIVE_COMPILATION_CONDITIONS = DEBUG;
				SWIFT_OPTIMIZATION_LEVEL = "-Onone";
			};
			name = Debug;
		};
		ADA2BADC253F35DA00C4FB6D /* Release */ = {
			isa = XCBuildConfiguration;
			buildSettings = {
				ALWAYS_SEARCH_USER_PATHS = NO;
				CLANG_ANALYZER_NONNULL = YES;
				CLANG_ANALYZER_NUMBER_OBJECT_CONVERSION = YES_AGGRESSIVE;
				CLANG_CXX_LANGUAGE_STANDARD = "gnu++14";
				CLANG_CXX_LIBRARY = "libc++";
				CLANG_ENABLE_MODULES = YES;
				CLANG_ENABLE_OBJC_ARC = YES;
				CLANG_ENABLE_OBJC_WEAK = YES;
				CLANG_WARN_BLOCK_CAPTURE_AUTORELEASING = YES;
				CLANG_WARN_BOOL_CONVERSION = YES;
				CLANG_WARN_COMMA = YES;
				CLANG_WARN_CONSTANT_CONVERSION = YES;
				CLANG_WARN_DEPRECATED_OBJC_IMPLEMENTATIONS = YES;
				CLANG_WARN_DIRECT_OBJC_ISA_USAGE = YES_ERROR;
				CLANG_WARN_DOCUMENTATION_COMMENTS = YES;
				CLANG_WARN_EMPTY_BODY = YES;
				CLANG_WARN_ENUM_CONVERSION = YES;
				CLANG_WARN_INFINITE_RECURSION = YES;
				CLANG_WARN_INT_CONVERSION = YES;
				CLANG_WARN_NON_LITERAL_NULL_CONVERSION = YES;
				CLANG_WARN_OBJC_IMPLICIT_RETAIN_SELF = YES;
				CLANG_WARN_OBJC_LITERAL_CONVERSION = YES;
				CLANG_WARN_OBJC_ROOT_CLASS = YES_ERROR;
				CLANG_WARN_QUOTED_INCLUDE_IN_FRAMEWORK_HEADER = YES;
				CLANG_WARN_RANGE_LOOP_ANALYSIS = YES;
				CLANG_WARN_STRICT_PROTOTYPES = YES;
				CLANG_WARN_SUSPICIOUS_MOVE = YES;
				CLANG_WARN_UNGUARDED_AVAILABILITY = YES_AGGRESSIVE;
				CLANG_WARN_UNREACHABLE_CODE = YES;
				CLANG_WARN__DUPLICATE_METHOD_MATCH = YES;
				COPY_PHASE_STRIP = NO;
				DEBUG_INFORMATION_FORMAT = "dwarf-with-dsym";
				ENABLE_NS_ASSERTIONS = NO;
				ENABLE_STRICT_OBJC_MSGSEND = YES;
				GCC_C_LANGUAGE_STANDARD = gnu11;
				GCC_NO_COMMON_BLOCKS = YES;
				GCC_WARN_64_TO_32_BIT_CONVERSION = YES;
				GCC_WARN_ABOUT_RETURN_TYPE = YES_ERROR;
				GCC_WARN_UNDECLARED_SELECTOR = YES;
				GCC_WARN_UNINITIALIZED_AUTOS = YES_AGGRESSIVE;
				GCC_WARN_UNUSED_FUNCTION = YES;
				GCC_WARN_UNUSED_VARIABLE = YES;
				IPHONEOS_DEPLOYMENT_TARGET = 14.2;
				MTL_ENABLE_DEBUG_INFO = NO;
				MTL_FAST_MATH = YES;
				SDKROOT = iphoneos;
				SWIFT_COMPILATION_MODE = wholemodule;
				SWIFT_OPTIMIZATION_LEVEL = "-O";
				VALIDATE_PRODUCT = YES;
			};
			name = Release;
		};
		ADA2BADE253F35DA00C4FB6D /* Debug */ = {
			isa = XCBuildConfiguration;
			buildSettings = {
				ASSETCATALOG_COMPILER_APPICON_NAME = AppIcon;
				ASSETCATALOG_COMPILER_GLOBAL_ACCENT_COLOR_NAME = AccentColor;
				CODE_SIGN_STYLE = Automatic;
				DEVELOPMENT_ASSET_PATHS = "\"Number Stories/Preview Content\"";
				DEVELOPMENT_TEAM = 83XX9TWPTZ;
				ENABLE_PREVIEWS = YES;
				INFOPLIST_FILE = "Number Stories/Info.plist";
				IPHONEOS_DEPLOYMENT_TARGET = 14.0;
				LD_RUNPATH_SEARCH_PATHS = (
					"$(inherited)",
					"@executable_path/Frameworks",
				);
				PRODUCT_BUNDLE_IDENTIFIER = "com.github.markorankovic.Number-Stories";
				PRODUCT_NAME = "$(TARGET_NAME)";
				SWIFT_VERSION = 5.0;
				TARGETED_DEVICE_FAMILY = "1,2";
			};
			name = Debug;
		};
		ADA2BADF253F35DA00C4FB6D /* Release */ = {
			isa = XCBuildConfiguration;
			buildSettings = {
				ASSETCATALOG_COMPILER_APPICON_NAME = AppIcon;
				ASSETCATALOG_COMPILER_GLOBAL_ACCENT_COLOR_NAME = AccentColor;
				CODE_SIGN_STYLE = Automatic;
				DEVELOPMENT_ASSET_PATHS = "\"Number Stories/Preview Content\"";
				DEVELOPMENT_TEAM = 83XX9TWPTZ;
				ENABLE_PREVIEWS = YES;
				INFOPLIST_FILE = "Number Stories/Info.plist";
				IPHONEOS_DEPLOYMENT_TARGET = 14.0;
				LD_RUNPATH_SEARCH_PATHS = (
					"$(inherited)",
					"@executable_path/Frameworks",
				);
				PRODUCT_BUNDLE_IDENTIFIER = "com.github.markorankovic.Number-Stories";
				PRODUCT_NAME = "$(TARGET_NAME)";
				SWIFT_VERSION = 5.0;
				TARGETED_DEVICE_FAMILY = "1,2";
			};
			name = Release;
		};
		ADA2BAE1253F35DA00C4FB6D /* Debug */ = {
			isa = XCBuildConfiguration;
			buildSettings = {
				ALWAYS_EMBED_SWIFT_STANDARD_LIBRARIES = YES;
				BUNDLE_LOADER = "$(TEST_HOST)";
				CODE_SIGN_STYLE = Automatic;
				DEVELOPMENT_TEAM = 83XX9TWPTZ;
				INFOPLIST_FILE = "Number StoriesTests/Info.plist";
				IPHONEOS_DEPLOYMENT_TARGET = 14.0;
				LD_RUNPATH_SEARCH_PATHS = (
					"$(inherited)",
					"@executable_path/Frameworks",
					"@loader_path/Frameworks",
				);
				PRODUCT_BUNDLE_IDENTIFIER = "com.github.markorankovic.Number-StoriesTests";
				PRODUCT_NAME = "$(TARGET_NAME)";
				SWIFT_VERSION = 5.0;
				TARGETED_DEVICE_FAMILY = "1,2";
				TEST_HOST = "$(BUILT_PRODUCTS_DIR)/Number Stories.app/Number Stories";
			};
			name = Debug;
		};
		ADA2BAE2253F35DA00C4FB6D /* Release */ = {
			isa = XCBuildConfiguration;
			buildSettings = {
				ALWAYS_EMBED_SWIFT_STANDARD_LIBRARIES = YES;
				BUNDLE_LOADER = "$(TEST_HOST)";
				CODE_SIGN_STYLE = Automatic;
				DEVELOPMENT_TEAM = 83XX9TWPTZ;
				INFOPLIST_FILE = "Number StoriesTests/Info.plist";
				IPHONEOS_DEPLOYMENT_TARGET = 14.0;
				LD_RUNPATH_SEARCH_PATHS = (
					"$(inherited)",
					"@executable_path/Frameworks",
					"@loader_path/Frameworks",
				);
				PRODUCT_BUNDLE_IDENTIFIER = "com.github.markorankovic.Number-StoriesTests";
				PRODUCT_NAME = "$(TARGET_NAME)";
				SWIFT_VERSION = 5.0;
				TARGETED_DEVICE_FAMILY = "1,2";
				TEST_HOST = "$(BUILT_PRODUCTS_DIR)/Number Stories.app/Number Stories";
			};
			name = Release;
		};
		ADA2BAE4253F35DA00C4FB6D /* Debug */ = {
			isa = XCBuildConfiguration;
			buildSettings = {
				ALWAYS_EMBED_SWIFT_STANDARD_LIBRARIES = YES;
				CODE_SIGN_STYLE = Automatic;
				DEVELOPMENT_TEAM = 83XX9TWPTZ;
				INFOPLIST_FILE = "Number StoriesUITests/Info.plist";
				LD_RUNPATH_SEARCH_PATHS = (
					"$(inherited)",
					"@executable_path/Frameworks",
					"@loader_path/Frameworks",
				);
				PRODUCT_BUNDLE_IDENTIFIER = "com.github.markorankovic.Number-StoriesUITests";
				PRODUCT_NAME = "$(TARGET_NAME)";
				SWIFT_VERSION = 5.0;
				TARGETED_DEVICE_FAMILY = "1,2";
				TEST_TARGET_NAME = "Number Stories";
			};
			name = Debug;
		};
		ADA2BAE5253F35DA00C4FB6D /* Release */ = {
			isa = XCBuildConfiguration;
			buildSettings = {
				ALWAYS_EMBED_SWIFT_STANDARD_LIBRARIES = YES;
				CODE_SIGN_STYLE = Automatic;
				DEVELOPMENT_TEAM = 83XX9TWPTZ;
				INFOPLIST_FILE = "Number StoriesUITests/Info.plist";
				LD_RUNPATH_SEARCH_PATHS = (
					"$(inherited)",
					"@executable_path/Frameworks",
					"@loader_path/Frameworks",
				);
				PRODUCT_BUNDLE_IDENTIFIER = "com.github.markorankovic.Number-StoriesUITests";
				PRODUCT_NAME = "$(TARGET_NAME)";
				SWIFT_VERSION = 5.0;
				TARGETED_DEVICE_FAMILY = "1,2";
				TEST_TARGET_NAME = "Number Stories";
			};
			name = Release;
		};
/* End XCBuildConfiguration section */

/* Begin XCConfigurationList section */
		ADA2BAB3253F35D900C4FB6D /* Build configuration list for PBXProject "Number Stories" */ = {
			isa = XCConfigurationList;
			buildConfigurations = (
				ADA2BADB253F35DA00C4FB6D /* Debug */,
				ADA2BADC253F35DA00C4FB6D /* Release */,
			);
			defaultConfigurationIsVisible = 0;
			defaultConfigurationName = Release;
		};
		ADA2BADD253F35DA00C4FB6D /* Build configuration list for PBXNativeTarget "Number Stories" */ = {
			isa = XCConfigurationList;
			buildConfigurations = (
				ADA2BADE253F35DA00C4FB6D /* Debug */,
				ADA2BADF253F35DA00C4FB6D /* Release */,
			);
			defaultConfigurationIsVisible = 0;
			defaultConfigurationName = Release;
		};
		ADA2BAE0253F35DA00C4FB6D /* Build configuration list for PBXNativeTarget "Number StoriesTests" */ = {
			isa = XCConfigurationList;
			buildConfigurations = (
				ADA2BAE1253F35DA00C4FB6D /* Debug */,
				ADA2BAE2253F35DA00C4FB6D /* Release */,
			);
			defaultConfigurationIsVisible = 0;
			defaultConfigurationName = Release;
		};
		ADA2BAE3253F35DA00C4FB6D /* Build configuration list for PBXNativeTarget "Number StoriesUITests" */ = {
			isa = XCConfigurationList;
			buildConfigurations = (
				ADA2BAE4253F35DA00C4FB6D /* Debug */,
				ADA2BAE5253F35DA00C4FB6D /* Release */,
			);
			defaultConfigurationIsVisible = 0;
			defaultConfigurationName = Release;
		};
/* End XCConfigurationList section */

/* Begin XCSwiftPackageProductDependency section */
		AD984B5E2541DB82007D641D /* NumberStoriesAPI */ = {
			isa = XCSwiftPackageProductDependency;
			productName = NumberStoriesAPI;
		};
/* End XCSwiftPackageProductDependency section */
	};
	rootObject = ADA2BAB0253F35D900C4FB6D /* Project object */;
}
