// !$*UTF8*$!
{
	archiveVersion = 1;
	classes = {
	};
	objectVersion = 50;
	objects = {

/* Begin PBXBuildFile section */
		AD5594892506740A00574AF7 /* AppDelegate.swift in Sources */ = {isa = PBXBuildFile; fileRef = AD5594882506740A00574AF7 /* AppDelegate.swift */; };
		AD55948B2506740A00574AF7 /* GameScene.sks in Resources */ = {isa = PBXBuildFile; fileRef = AD55948A2506740A00574AF7 /* GameScene.sks */; };
		AD55948D2506740A00574AF7 /* Actions.sks in Resources */ = {isa = PBXBuildFile; fileRef = AD55948C2506740A00574AF7 /* Actions.sks */; };
		AD55948F2506740A00574AF7 /* GameScene.swift in Sources */ = {isa = PBXBuildFile; fileRef = AD55948E2506740A00574AF7 /* GameScene.swift */; };
		AD5594912506740A00574AF7 /* GameViewController.swift in Sources */ = {isa = PBXBuildFile; fileRef = AD5594902506740A00574AF7 /* GameViewController.swift */; };
		AD5594942506740A00574AF7 /* Main.storyboard in Resources */ = {isa = PBXBuildFile; fileRef = AD5594922506740A00574AF7 /* Main.storyboard */; };
		AD5594962506740B00574AF7 /* Assets.xcassets in Resources */ = {isa = PBXBuildFile; fileRef = AD5594952506740B00574AF7 /* Assets.xcassets */; };
		AD5594A12506740B00574AF7 /* Number_StoriesTests.swift in Sources */ = {isa = PBXBuildFile; fileRef = AD5594A02506740B00574AF7 /* Number_StoriesTests.swift */; };
		AD5594AC2506740B00574AF7 /* Number_StoriesUITests.swift in Sources */ = {isa = PBXBuildFile; fileRef = AD5594AB2506740B00574AF7 /* Number_StoriesUITests.swift */; };
/* End PBXBuildFile section */

/* Begin PBXContainerItemProxy section */
		AD55949D2506740B00574AF7 /* PBXContainerItemProxy */ = {
			isa = PBXContainerItemProxy;
			containerPortal = AD55947D2506740A00574AF7 /* Project object */;
			proxyType = 1;
			remoteGlobalIDString = AD5594842506740A00574AF7;
			remoteInfo = "Number Stories";
		};
		AD5594A82506740B00574AF7 /* PBXContainerItemProxy */ = {
			isa = PBXContainerItemProxy;
			containerPortal = AD55947D2506740A00574AF7 /* Project object */;
			proxyType = 1;
			remoteGlobalIDString = AD5594842506740A00574AF7;
			remoteInfo = "Number Stories";
		};
/* End PBXContainerItemProxy section */

/* Begin PBXFileReference section */
		AD5594852506740A00574AF7 /* Number Stories.app */ = {isa = PBXFileReference; explicitFileType = wrapper.application; includeInIndex = 0; path = "Number Stories.app"; sourceTree = BUILT_PRODUCTS_DIR; };
		AD5594882506740A00574AF7 /* AppDelegate.swift */ = {isa = PBXFileReference; lastKnownFileType = sourcecode.swift; path = AppDelegate.swift; sourceTree = "<group>"; };
		AD55948A2506740A00574AF7 /* GameScene.sks */ = {isa = PBXFileReference; lastKnownFileType = file.sks; path = GameScene.sks; sourceTree = "<group>"; };
		AD55948C2506740A00574AF7 /* Actions.sks */ = {isa = PBXFileReference; lastKnownFileType = file.sks; path = Actions.sks; sourceTree = "<group>"; };
		AD55948E2506740A00574AF7 /* GameScene.swift */ = {isa = PBXFileReference; lastKnownFileType = sourcecode.swift; path = GameScene.swift; sourceTree = "<group>"; };
		AD5594902506740A00574AF7 /* GameViewController.swift */ = {isa = PBXFileReference; lastKnownFileType = sourcecode.swift; path = GameViewController.swift; sourceTree = "<group>"; };
		AD5594932506740A00574AF7 /* Base */ = {isa = PBXFileReference; lastKnownFileType = file.storyboard; name = Base; path = Base.lproj/Main.storyboard; sourceTree = "<group>"; };
		AD5594952506740B00574AF7 /* Assets.xcassets */ = {isa = PBXFileReference; lastKnownFileType = folder.assetcatalog; path = Assets.xcassets; sourceTree = "<group>"; };
		AD5594972506740B00574AF7 /* Info.plist */ = {isa = PBXFileReference; lastKnownFileType = text.plist.xml; path = Info.plist; sourceTree = "<group>"; };
		AD55949C2506740B00574AF7 /* Number StoriesTests.xctest */ = {isa = PBXFileReference; explicitFileType = wrapper.cfbundle; includeInIndex = 0; path = "Number StoriesTests.xctest"; sourceTree = BUILT_PRODUCTS_DIR; };
		AD5594A02506740B00574AF7 /* Number_StoriesTests.swift */ = {isa = PBXFileReference; lastKnownFileType = sourcecode.swift; path = Number_StoriesTests.swift; sourceTree = "<group>"; };
		AD5594A22506740B00574AF7 /* Info.plist */ = {isa = PBXFileReference; lastKnownFileType = text.plist.xml; path = Info.plist; sourceTree = "<group>"; };
		AD5594A72506740B00574AF7 /* Number StoriesUITests.xctest */ = {isa = PBXFileReference; explicitFileType = wrapper.cfbundle; includeInIndex = 0; path = "Number StoriesUITests.xctest"; sourceTree = BUILT_PRODUCTS_DIR; };
		AD5594AB2506740B00574AF7 /* Number_StoriesUITests.swift */ = {isa = PBXFileReference; lastKnownFileType = sourcecode.swift; path = Number_StoriesUITests.swift; sourceTree = "<group>"; };
		AD5594AD2506740B00574AF7 /* Info.plist */ = {isa = PBXFileReference; lastKnownFileType = text.plist.xml; path = Info.plist; sourceTree = "<group>"; };
/* End PBXFileReference section */

/* Begin PBXFrameworksBuildPhase section */
		AD5594822506740A00574AF7 /* Frameworks */ = {
			isa = PBXFrameworksBuildPhase;
			buildActionMask = 2147483647;
			files = (
			);
			runOnlyForDeploymentPostprocessing = 0;
		};
		AD5594992506740B00574AF7 /* Frameworks */ = {
			isa = PBXFrameworksBuildPhase;
			buildActionMask = 2147483647;
			files = (
			);
			runOnlyForDeploymentPostprocessing = 0;
		};
		AD5594A42506740B00574AF7 /* Frameworks */ = {
			isa = PBXFrameworksBuildPhase;
			buildActionMask = 2147483647;
			files = (
			);
			runOnlyForDeploymentPostprocessing = 0;
		};
/* End PBXFrameworksBuildPhase section */

/* Begin PBXGroup section */
		AD55947C2506740A00574AF7 = {
			isa = PBXGroup;
			children = (
				AD5594872506740A00574AF7 /* Number Stories */,
				AD55949F2506740B00574AF7 /* Number StoriesTests */,
				AD5594AA2506740B00574AF7 /* Number StoriesUITests */,
				AD5594862506740A00574AF7 /* Products */,
			);
			sourceTree = "<group>";
		};
		AD5594862506740A00574AF7 /* Products */ = {
			isa = PBXGroup;
			children = (
				AD5594852506740A00574AF7 /* Number Stories.app */,
				AD55949C2506740B00574AF7 /* Number StoriesTests.xctest */,
				AD5594A72506740B00574AF7 /* Number StoriesUITests.xctest */,
			);
			name = Products;
			sourceTree = "<group>";
		};
		AD5594872506740A00574AF7 /* Number Stories */ = {
			isa = PBXGroup;
			children = (
				AD5594882506740A00574AF7 /* AppDelegate.swift */,
				AD55948A2506740A00574AF7 /* GameScene.sks */,
				AD55948C2506740A00574AF7 /* Actions.sks */,
				AD55948E2506740A00574AF7 /* GameScene.swift */,
				AD5594902506740A00574AF7 /* GameViewController.swift */,
				AD5594922506740A00574AF7 /* Main.storyboard */,
				AD5594952506740B00574AF7 /* Assets.xcassets */,
				AD5594972506740B00574AF7 /* Info.plist */,
			);
			path = "Number Stories";
			sourceTree = "<group>";
		};
		AD55949F2506740B00574AF7 /* Number StoriesTests */ = {
			isa = PBXGroup;
			children = (
				AD5594A02506740B00574AF7 /* Number_StoriesTests.swift */,
				AD5594A22506740B00574AF7 /* Info.plist */,
			);
			path = "Number StoriesTests";
			sourceTree = "<group>";
		};
		AD5594AA2506740B00574AF7 /* Number StoriesUITests */ = {
			isa = PBXGroup;
			children = (
				AD5594AB2506740B00574AF7 /* Number_StoriesUITests.swift */,
				AD5594AD2506740B00574AF7 /* Info.plist */,
			);
			path = "Number StoriesUITests";
			sourceTree = "<group>";
		};
/* End PBXGroup section */

/* Begin PBXNativeTarget section */
		AD5594842506740A00574AF7 /* Number Stories */ = {
			isa = PBXNativeTarget;
			buildConfigurationList = AD5594B02506740B00574AF7 /* Build configuration list for PBXNativeTarget "Number Stories" */;
			buildPhases = (
				AD5594812506740A00574AF7 /* Sources */,
				AD5594822506740A00574AF7 /* Frameworks */,
				AD5594832506740A00574AF7 /* Resources */,
			);
			buildRules = (
			);
			dependencies = (
			);
			name = "Number Stories";
			productName = "Number Stories";
			productReference = AD5594852506740A00574AF7 /* Number Stories.app */;
			productType = "com.apple.product-type.application";
		};
		AD55949B2506740B00574AF7 /* Number StoriesTests */ = {
			isa = PBXNativeTarget;
			buildConfigurationList = AD5594B32506740B00574AF7 /* Build configuration list for PBXNativeTarget "Number StoriesTests" */;
			buildPhases = (
				AD5594982506740B00574AF7 /* Sources */,
				AD5594992506740B00574AF7 /* Frameworks */,
				AD55949A2506740B00574AF7 /* Resources */,
			);
			buildRules = (
			);
			dependencies = (
				AD55949E2506740B00574AF7 /* PBXTargetDependency */,
			);
			name = "Number StoriesTests";
			productName = "Number StoriesTests";
			productReference = AD55949C2506740B00574AF7 /* Number StoriesTests.xctest */;
			productType = "com.apple.product-type.bundle.unit-test";
		};
		AD5594A62506740B00574AF7 /* Number StoriesUITests */ = {
			isa = PBXNativeTarget;
			buildConfigurationList = AD5594B62506740B00574AF7 /* Build configuration list for PBXNativeTarget "Number StoriesUITests" */;
			buildPhases = (
				AD5594A32506740B00574AF7 /* Sources */,
				AD5594A42506740B00574AF7 /* Frameworks */,
				AD5594A52506740B00574AF7 /* Resources */,
			);
			buildRules = (
			);
			dependencies = (
				AD5594A92506740B00574AF7 /* PBXTargetDependency */,
			);
			name = "Number StoriesUITests";
			productName = "Number StoriesUITests";
			productReference = AD5594A72506740B00574AF7 /* Number StoriesUITests.xctest */;
			productType = "com.apple.product-type.bundle.ui-testing";
		};
/* End PBXNativeTarget section */

/* Begin PBXProject section */
		AD55947D2506740A00574AF7 /* Project object */ = {
			isa = PBXProject;
			attributes = {
				LastSwiftUpdateCheck = 1200;
				LastUpgradeCheck = 1200;
				TargetAttributes = {
					AD5594842506740A00574AF7 = {
						CreatedOnToolsVersion = 12.0;
					};
					AD55949B2506740B00574AF7 = {
						CreatedOnToolsVersion = 12.0;
						TestTargetID = AD5594842506740A00574AF7;
					};
					AD5594A62506740B00574AF7 = {
						CreatedOnToolsVersion = 12.0;
						TestTargetID = AD5594842506740A00574AF7;
					};
				};
			};
			buildConfigurationList = AD5594802506740A00574AF7 /* Build configuration list for PBXProject "Number Stories" */;
			compatibilityVersion = "Xcode 9.3";
			developmentRegion = en;
			hasScannedForEncodings = 0;
			knownRegions = (
				en,
				Base,
			);
			mainGroup = AD55947C2506740A00574AF7;
			productRefGroup = AD5594862506740A00574AF7 /* Products */;
			projectDirPath = "";
			projectRoot = "";
			targets = (
				AD5594842506740A00574AF7 /* Number Stories */,
				AD55949B2506740B00574AF7 /* Number StoriesTests */,
				AD5594A62506740B00574AF7 /* Number StoriesUITests */,
			);
		};
/* End PBXProject section */

/* Begin PBXResourcesBuildPhase section */
		AD5594832506740A00574AF7 /* Resources */ = {
			isa = PBXResourcesBuildPhase;
			buildActionMask = 2147483647;
			files = (
				AD5594942506740A00574AF7 /* Main.storyboard in Resources */,
				AD55948B2506740A00574AF7 /* GameScene.sks in Resources */,
				AD5594962506740B00574AF7 /* Assets.xcassets in Resources */,
				AD55948D2506740A00574AF7 /* Actions.sks in Resources */,
			);
			runOnlyForDeploymentPostprocessing = 0;
		};
		AD55949A2506740B00574AF7 /* Resources */ = {
			isa = PBXResourcesBuildPhase;
			buildActionMask = 2147483647;
			files = (
			);
			runOnlyForDeploymentPostprocessing = 0;
		};
		AD5594A52506740B00574AF7 /* Resources */ = {
			isa = PBXResourcesBuildPhase;
			buildActionMask = 2147483647;
			files = (
			);
			runOnlyForDeploymentPostprocessing = 0;
		};
/* End PBXResourcesBuildPhase section */

/* Begin PBXSourcesBuildPhase section */
		AD5594812506740A00574AF7 /* Sources */ = {
			isa = PBXSourcesBuildPhase;
			buildActionMask = 2147483647;
			files = (
				AD55948F2506740A00574AF7 /* GameScene.swift in Sources */,
				AD5594912506740A00574AF7 /* GameViewController.swift in Sources */,
				AD5594892506740A00574AF7 /* AppDelegate.swift in Sources */,
			);
			runOnlyForDeploymentPostprocessing = 0;
		};
		AD5594982506740B00574AF7 /* Sources */ = {
			isa = PBXSourcesBuildPhase;
			buildActionMask = 2147483647;
			files = (
				AD5594A12506740B00574AF7 /* Number_StoriesTests.swift in Sources */,
			);
			runOnlyForDeploymentPostprocessing = 0;
		};
		AD5594A32506740B00574AF7 /* Sources */ = {
			isa = PBXSourcesBuildPhase;
			buildActionMask = 2147483647;
			files = (
				AD5594AC2506740B00574AF7 /* Number_StoriesUITests.swift in Sources */,
			);
			runOnlyForDeploymentPostprocessing = 0;
		};
/* End PBXSourcesBuildPhase section */

/* Begin PBXTargetDependency section */
		AD55949E2506740B00574AF7 /* PBXTargetDependency */ = {
			isa = PBXTargetDependency;
			target = AD5594842506740A00574AF7 /* Number Stories */;
			targetProxy = AD55949D2506740B00574AF7 /* PBXContainerItemProxy */;
		};
		AD5594A92506740B00574AF7 /* PBXTargetDependency */ = {
			isa = PBXTargetDependency;
			target = AD5594842506740A00574AF7 /* Number Stories */;
			targetProxy = AD5594A82506740B00574AF7 /* PBXContainerItemProxy */;
		};
/* End PBXTargetDependency section */

/* Begin PBXVariantGroup section */
		AD5594922506740A00574AF7 /* Main.storyboard */ = {
			isa = PBXVariantGroup;
			children = (
				AD5594932506740A00574AF7 /* Base */,
			);
			name = Main.storyboard;
			sourceTree = "<group>";
		};
/* End PBXVariantGroup section */

/* Begin XCBuildConfiguration section */
		AD5594AE2506740B00574AF7 /* Debug */ = {
			isa = XCBuildConfiguration;
			buildSettings = {
				ALWAYS_SEARCH_USER_PATHS = NO;
				CLANG_ANALYZER_NONNULL = YES;
				CLANG_ANALYZER_NUMBER_OBJECT_CONVERSION = YES_AGGRESSIVE;
				CLANG_CXX_LANGUAGE_STANDARD = "gnu++14";
				CLANG_CXX_LIBRARY = "libc++";
				CLANG_ENABLE_MODULES = YES;
				CLANG_ENABLE_OBJC_ARC = YES;
				CLANG_ENABLE_OBJC_WEAK = YES;
				CLANG_WARN_BLOCK_CAPTURE_AUTORELEASING = YES;
				CLANG_WARN_BOOL_CONVERSION = YES;
				CLANG_WARN_COMMA = YES;
				CLANG_WARN_CONSTANT_CONVERSION = YES;
				CLANG_WARN_DEPRECATED_OBJC_IMPLEMENTATIONS = YES;
				CLANG_WARN_DIRECT_OBJC_ISA_USAGE = YES_ERROR;
				CLANG_WARN_DOCUMENTATION_COMMENTS = YES;
				CLANG_WARN_EMPTY_BODY = YES;
				CLANG_WARN_ENUM_CONVERSION = YES;
				CLANG_WARN_INFINITE_RECURSION = YES;
				CLANG_WARN_INT_CONVERSION = YES;
				CLANG_WARN_NON_LITERAL_NULL_CONVERSION = YES;
				CLANG_WARN_OBJC_IMPLICIT_RETAIN_SELF = YES;
				CLANG_WARN_OBJC_LITERAL_CONVERSION = YES;
				CLANG_WARN_OBJC_ROOT_CLASS = YES_ERROR;
				CLANG_WARN_QUOTED_INCLUDE_IN_FRAMEWORK_HEADER = YES;
				CLANG_WARN_RANGE_LOOP_ANALYSIS = YES;
				CLANG_WARN_STRICT_PROTOTYPES = YES;
				CLANG_WARN_SUSPICIOUS_MOVE = YES;
				CLANG_WARN_UNGUARDED_AVAILABILITY = YES_AGGRESSIVE;
				CLANG_WARN_UNREACHABLE_CODE = YES;
				CLANG_WARN__DUPLICATE_METHOD_MATCH = YES;
				COPY_PHASE_STRIP = NO;
				DEBUG_INFORMATION_FORMAT = dwarf;
				ENABLE_STRICT_OBJC_MSGSEND = YES;
				ENABLE_TESTABILITY = YES;
				GCC_C_LANGUAGE_STANDARD = gnu11;
				GCC_DYNAMIC_NO_PIC = NO;
				GCC_NO_COMMON_BLOCKS = YES;
				GCC_OPTIMIZATION_LEVEL = 0;
				GCC_PREPROCESSOR_DEFINITIONS = (
					"DEBUG=1",
					"$(inherited)",
				);
				GCC_WARN_64_TO_32_BIT_CONVERSION = YES;
				GCC_WARN_ABOUT_RETURN_TYPE = YES_ERROR;
				GCC_WARN_UNDECLARED_SELECTOR = YES;
				GCC_WARN_UNINITIALIZED_AUTOS = YES_AGGRESSIVE;
				GCC_WARN_UNUSED_FUNCTION = YES;
				GCC_WARN_UNUSED_VARIABLE = YES;
				IPHONEOS_DEPLOYMENT_TARGET = 14.0;
				MTL_ENABLE_DEBUG_INFO = INCLUDE_SOURCE;
				MTL_FAST_MATH = YES;
				ONLY_ACTIVE_ARCH = YES;
				SDKROOT = iphoneos;
				SWIFT_ACTIVE_COMPILATION_CONDITIONS = DEBUG;
				SWIFT_OPTIMIZATION_LEVEL = "-Onone";
			};
			name = Debug;
		};
		AD5594AF2506740B00574AF7 /* Release */ = {
			isa = XCBuildConfiguration;
			buildSettings = {
				ALWAYS_SEARCH_USER_PATHS = NO;
				CLANG_ANALYZER_NONNULL = YES;
				CLANG_ANALYZER_NUMBER_OBJECT_CONVERSION = YES_AGGRESSIVE;
				CLANG_CXX_LANGUAGE_STANDARD = "gnu++14";
				CLANG_CXX_LIBRARY = "libc++";
				CLANG_ENABLE_MODULES = YES;
				CLANG_ENABLE_OBJC_ARC = YES;
				CLANG_ENABLE_OBJC_WEAK = YES;
				CLANG_WARN_BLOCK_CAPTURE_AUTORELEASING = YES;
				CLANG_WARN_BOOL_CONVERSION = YES;
				CLANG_WARN_COMMA = YES;
				CLANG_WARN_CONSTANT_CONVERSION = YES;
				CLANG_WARN_DEPRECATED_OBJC_IMPLEMENTATIONS = YES;
				CLANG_WARN_DIRECT_OBJC_ISA_USAGE = YES_ERROR;
				CLANG_WARN_DOCUMENTATION_COMMENTS = YES;
				CLANG_WARN_EMPTY_BODY = YES;
				CLANG_WARN_ENUM_CONVERSION = YES;
				CLANG_WARN_INFINITE_RECURSION = YES;
				CLANG_WARN_INT_CONVERSION = YES;
				CLANG_WARN_NON_LITERAL_NULL_CONVERSION = YES;
				CLANG_WARN_OBJC_IMPLICIT_RETAIN_SELF = YES;
				CLANG_WARN_OBJC_LITERAL_CONVERSION = YES;
				CLANG_WARN_OBJC_ROOT_CLASS = YES_ERROR;
				CLANG_WARN_QUOTED_INCLUDE_IN_FRAMEWORK_HEADER = YES;
				CLANG_WARN_RANGE_LOOP_ANALYSIS = YES;
				CLANG_WARN_STRICT_PROTOTYPES = YES;
				CLANG_WARN_SUSPICIOUS_MOVE = YES;
				CLANG_WARN_UNGUARDED_AVAILABILITY = YES_AGGRESSIVE;
				CLANG_WARN_UNREACHABLE_CODE = YES;
				CLANG_WARN__DUPLICATE_METHOD_MATCH = YES;
				COPY_PHASE_STRIP = NO;
				DEBUG_INFORMATION_FORMAT = "dwarf-with-dsym";
				ENABLE_NS_ASSERTIONS = NO;
				ENABLE_STRICT_OBJC_MSGSEND = YES;
				GCC_C_LANGUAGE_STANDARD = gnu11;
				GCC_NO_COMMON_BLOCKS = YES;
				GCC_WARN_64_TO_32_BIT_CONVERSION = YES;
				GCC_WARN_ABOUT_RETURN_TYPE = YES_ERROR;
				GCC_WARN_UNDECLARED_SELECTOR = YES;
				GCC_WARN_UNINITIALIZED_AUTOS = YES_AGGRESSIVE;
				GCC_WARN_UNUSED_FUNCTION = YES;
				GCC_WARN_UNUSED_VARIABLE = YES;
				IPHONEOS_DEPLOYMENT_TARGET = 14.0;
				MTL_ENABLE_DEBUG_INFO = NO;
				MTL_FAST_MATH = YES;
				SDKROOT = iphoneos;
				SWIFT_COMPILATION_MODE = wholemodule;
				SWIFT_OPTIMIZATION_LEVEL = "-O";
				VALIDATE_PRODUCT = YES;
			};
			name = Release;
		};
		AD5594B12506740B00574AF7 /* Debug */ = {
			isa = XCBuildConfiguration;
			buildSettings = {
				ASSETCATALOG_COMPILER_APPICON_NAME = AppIcon;
				ASSETCATALOG_COMPILER_GLOBAL_ACCENT_COLOR_NAME = AccentColor;
				CODE_SIGN_STYLE = Automatic;
				DEVELOPMENT_TEAM = 83XX9TWPTZ;
				INFOPLIST_FILE = "Number Stories/Info.plist";
				LD_RUNPATH_SEARCH_PATHS = (
					"$(inherited)",
					"@executable_path/Frameworks",
				);
				PRODUCT_BUNDLE_IDENTIFIER = "com.github.markorankovic.Number-Stories";
				PRODUCT_NAME = "$(TARGET_NAME)";
				SWIFT_VERSION = 5.0;
				TARGETED_DEVICE_FAMILY = "1,2";
			};
			name = Debug;
		};
		AD5594B22506740B00574AF7 /* Release */ = {
			isa = XCBuildConfiguration;
			buildSettings = {
				ASSETCATALOG_COMPILER_APPICON_NAME = AppIcon;
				ASSETCATALOG_COMPILER_GLOBAL_ACCENT_COLOR_NAME = AccentColor;
				CODE_SIGN_STYLE = Automatic;
				DEVELOPMENT_TEAM = 83XX9TWPTZ;
				INFOPLIST_FILE = "Number Stories/Info.plist";
				LD_RUNPATH_SEARCH_PATHS = (
					"$(inherited)",
					"@executable_path/Frameworks",
				);
				PRODUCT_BUNDLE_IDENTIFIER = "com.github.markorankovic.Number-Stories";
				PRODUCT_NAME = "$(TARGET_NAME)";
				SWIFT_VERSION = 5.0;
				TARGETED_DEVICE_FAMILY = "1,2";
			};
			name = Release;
		};
		AD5594B42506740B00574AF7 /* Debug */ = {
			isa = XCBuildConfiguration;
			buildSettings = {
				ALWAYS_EMBED_SWIFT_STANDARD_LIBRARIES = YES;
				BUNDLE_LOADER = "$(TEST_HOST)";
				CODE_SIGN_STYLE = Automatic;
				DEVELOPMENT_TEAM = 83XX9TWPTZ;
				INFOPLIST_FILE = "Number StoriesTests/Info.plist";
				IPHONEOS_DEPLOYMENT_TARGET = 14.0;
				LD_RUNPATH_SEARCH_PATHS = (
					"$(inherited)",
					"@executable_path/Frameworks",
					"@loader_path/Frameworks",
				);
				PRODUCT_BUNDLE_IDENTIFIER = "com.github.markorankovic.Number-StoriesTests";
				PRODUCT_NAME = "$(TARGET_NAME)";
				SWIFT_VERSION = 5.0;
				TARGETED_DEVICE_FAMILY = "1,2";
				TEST_HOST = "$(BUILT_PRODUCTS_DIR)/Number Stories.app/Number Stories";
			};
			name = Debug;
		};
		AD5594B52506740B00574AF7 /* Release */ = {
			isa = XCBuildConfiguration;
			buildSettings = {
				ALWAYS_EMBED_SWIFT_STANDARD_LIBRARIES = YES;
				BUNDLE_LOADER = "$(TEST_HOST)";
				CODE_SIGN_STYLE = Automatic;
				DEVELOPMENT_TEAM = 83XX9TWPTZ;
				INFOPLIST_FILE = "Number StoriesTests/Info.plist";
				IPHONEOS_DEPLOYMENT_TARGET = 14.0;
				LD_RUNPATH_SEARCH_PATHS = (
					"$(inherited)",
					"@executable_path/Frameworks",
					"@loader_path/Frameworks",
				);
				PRODUCT_BUNDLE_IDENTIFIER = "com.github.markorankovic.Number-StoriesTests";
				PRODUCT_NAME = "$(TARGET_NAME)";
				SWIFT_VERSION = 5.0;
				TARGETED_DEVICE_FAMILY = "1,2";
				TEST_HOST = "$(BUILT_PRODUCTS_DIR)/Number Stories.app/Number Stories";
			};
			name = Release;
		};
		AD5594B72506740B00574AF7 /* Debug */ = {
			isa = XCBuildConfiguration;
			buildSettings = {
				ALWAYS_EMBED_SWIFT_STANDARD_LIBRARIES = YES;
				CODE_SIGN_STYLE = Automatic;
				DEVELOPMENT_TEAM = 83XX9TWPTZ;
				INFOPLIST_FILE = "Number StoriesUITests/Info.plist";
				LD_RUNPATH_SEARCH_PATHS = (
					"$(inherited)",
					"@executable_path/Frameworks",
					"@loader_path/Frameworks",
				);
				PRODUCT_BUNDLE_IDENTIFIER = "com.github.markorankovic.Number-StoriesUITests";
				PRODUCT_NAME = "$(TARGET_NAME)";
				SWIFT_VERSION = 5.0;
				TARGETED_DEVICE_FAMILY = "1,2";
				TEST_TARGET_NAME = "Number Stories";
			};
			name = Debug;
		};
		AD5594B82506740B00574AF7 /* Release */ = {
			isa = XCBuildConfiguration;
			buildSettings = {
				ALWAYS_EMBED_SWIFT_STANDARD_LIBRARIES = YES;
				CODE_SIGN_STYLE = Automatic;
				DEVELOPMENT_TEAM = 83XX9TWPTZ;
				INFOPLIST_FILE = "Number StoriesUITests/Info.plist";
				LD_RUNPATH_SEARCH_PATHS = (
					"$(inherited)",
					"@executable_path/Frameworks",
					"@loader_path/Frameworks",
				);
				PRODUCT_BUNDLE_IDENTIFIER = "com.github.markorankovic.Number-StoriesUITests";
				PRODUCT_NAME = "$(TARGET_NAME)";
				SWIFT_VERSION = 5.0;
				TARGETED_DEVICE_FAMILY = "1,2";
				TEST_TARGET_NAME = "Number Stories";
			};
			name = Release;
		};
/* End XCBuildConfiguration section */

/* Begin XCConfigurationList section */
		AD5594802506740A00574AF7 /* Build configuration list for PBXProject "Number Stories" */ = {
			isa = XCConfigurationList;
			buildConfigurations = (
				AD5594AE2506740B00574AF7 /* Debug */,
				AD5594AF2506740B00574AF7 /* Release */,
			);
			defaultConfigurationIsVisible = 0;
			defaultConfigurationName = Release;
		};
		AD5594B02506740B00574AF7 /* Build configuration list for PBXNativeTarget "Number Stories" */ = {
			isa = XCConfigurationList;
			buildConfigurations = (
				AD5594B12506740B00574AF7 /* Debug */,
				AD5594B22506740B00574AF7 /* Release */,
			);
			defaultConfigurationIsVisible = 0;
			defaultConfigurationName = Release;
		};
		AD5594B32506740B00574AF7 /* Build configuration list for PBXNativeTarget "Number StoriesTests" */ = {
			isa = XCConfigurationList;
			buildConfigurations = (
				AD5594B42506740B00574AF7 /* Debug */,
				AD5594B52506740B00574AF7 /* Release */,
			);
			defaultConfigurationIsVisible = 0;
			defaultConfigurationName = Release;
		};
		AD5594B62506740B00574AF7 /* Build configuration list for PBXNativeTarget "Number StoriesUITests" */ = {
			isa = XCConfigurationList;
			buildConfigurations = (
				AD5594B72506740B00574AF7 /* Debug */,
				AD5594B82506740B00574AF7 /* Release */,
			);
			defaultConfigurationIsVisible = 0;
			defaultConfigurationName = Release;
		};
/* End XCConfigurationList section */
	};
	rootObject = AD55947D2506740A00574AF7 /* Project object */;
}
